// !$*UTF8*$!
{
	archiveVersion = 1;
	classes = {
	};
	objectVersion = 70;
	objects = {

/* Begin PBXBuildFile section */
		197CC997F83320067FBF8C2F /* Pods_Tracker.framework in Frameworks */ = {isa = PBXBuildFile; fileRef = 8CE541A2BCCBB52C09A4F0AE /* Pods_Tracker.framework */; };
		3031867D2D0D785200CB64A8 /* Constants.swift in Sources */ = {isa = PBXBuildFile; fileRef = 3031867C2D0D785200CB64A8 /* Constants.swift */; };
		303186862D0D989F00CB64A8 /* TrackerModel.xcdatamodeld in Sources */ = {isa = PBXBuildFile; fileRef = 303186842D0D989F00CB64A8 /* TrackerModel.xcdatamodeld */; };
		303BD3552D43C0F9009E8236 /* CategoryViewController.swift in Sources */ = {isa = PBXBuildFile; fileRef = 303BD3542D43C0F9009E8236 /* CategoryViewController.swift */; };
		303BD3572D43C109009E8236 /* CategoryViewModel.swift in Sources */ = {isa = PBXBuildFile; fileRef = 303BD3562D43C109009E8236 /* CategoryViewModel.swift */; };
		303BD35A2D43C12E009E8236 /* CategoryTableViewCell.swift in Sources */ = {isa = PBXBuildFile; fileRef = 303BD3592D43C12E009E8236 /* CategoryTableViewCell.swift */; };
		303BD35D2D43C1B1009E8236 /* CreateCategoryViewController.swift in Sources */ = {isa = PBXBuildFile; fileRef = 303BD35C2D43C1B1009E8236 /* CreateCategoryViewController.swift */; };
		303BD3612D43C204009E8236 /* CreateCategoryMode.swift in Sources */ = {isa = PBXBuildFile; fileRef = 303BD3602D43C204009E8236 /* CreateCategoryMode.swift */; };
		303BD3642D43C319009E8236 /* AlertPresenter.swift in Sources */ = {isa = PBXBuildFile; fileRef = 303BD3632D43C319009E8236 /* AlertPresenter.swift */; };
		303BD3662D43C330009E8236 /* AlertModel.swift in Sources */ = {isa = PBXBuildFile; fileRef = 303BD3652D43C330009E8236 /* AlertModel.swift */; };
		303BD3692D43C88A009E8236 /* PlaceholderView.swift in Sources */ = {isa = PBXBuildFile; fileRef = 303BD3682D43C88A009E8236 /* PlaceholderView.swift */; };
		303BD36B2D43C89C009E8236 /* PlaceholderModel.swift in Sources */ = {isa = PBXBuildFile; fileRef = 303BD36A2D43C89C009E8236 /* PlaceholderModel.swift */; };
		303EA4222CEBC87D003B170C /* PaddedTextField.swift in Sources */ = {isa = PBXBuildFile; fileRef = 303EA4212CEBC87D003B170C /* PaddedTextField.swift */; };
		303EA4252CEE5566003B170C /* Tracker.swift in Sources */ = {isa = PBXBuildFile; fileRef = 303EA4242CEE5566003B170C /* Tracker.swift */; };
		303EA4272CEE558D003B170C /* TrackerCategory.swift in Sources */ = {isa = PBXBuildFile; fileRef = 303EA4262CEE558D003B170C /* TrackerCategory.swift */; };
		303EA4292CEE55C6003B170C /* TrackerRecord.swift in Sources */ = {isa = PBXBuildFile; fileRef = 303EA4282CEE55C6003B170C /* TrackerRecord.swift */; };
		303EA42B2CEE55E6003B170C /* TrackerType.swift in Sources */ = {isa = PBXBuildFile; fileRef = 303EA42A2CEE55E6003B170C /* TrackerType.swift */; };
		303EA42D2CEE560F003B170C /* Weekday.swift in Sources */ = {isa = PBXBuildFile; fileRef = 303EA42C2CEE560F003B170C /* Weekday.swift */; };
		30412E3E2D51FFA1002FE4DE /* OnboardingPageViewController.swift in Sources */ = {isa = PBXBuildFile; fileRef = 30412E3D2D51FFA1002FE4DE /* OnboardingPageViewController.swift */; };
		30412E402D520098002FE4DE /* OnboardingPage.swift in Sources */ = {isa = PBXBuildFile; fileRef = 30412E3F2D520098002FE4DE /* OnboardingPage.swift */; };
		30412E422D5200A2002FE4DE /* OnboardingPageView.swift in Sources */ = {isa = PBXBuildFile; fileRef = 30412E412D5200A2002FE4DE /* OnboardingPageView.swift */; };
		30412E452D520141002FE4DE /* AppColorSettings.swift in Sources */ = {isa = PBXBuildFile; fileRef = 30412E442D520141002FE4DE /* AppColorSettings.swift */; };
		30412E482D5201C4002FE4DE /* UIColor+Extensions.swift in Sources */ = {isa = PBXBuildFile; fileRef = 30412E472D5201C4002FE4DE /* UIColor+Extensions.swift */; };
		30477F912D536A5900960296 /* AccessibilityIdentifiers.swift in Sources */ = {isa = PBXBuildFile; fileRef = 30477F902D536A5900960296 /* AccessibilityIdentifiers.swift */; };
		30477F932D536AAE00960296 /* Notification+Extensions.swift in Sources */ = {isa = PBXBuildFile; fileRef = 30477F922D536AAE00960296 /* Notification+Extensions.swift */; };
		3049A0712D0211B300160890 /* StoreErrors.swift in Sources */ = {isa = PBXBuildFile; fileRef = 3049A0702D0211B300160890 /* StoreErrors.swift */; };
		304E7A1C2C8621B000F55F68 /* AppDelegate.swift in Sources */ = {isa = PBXBuildFile; fileRef = 304E7A1B2C8621B000F55F68 /* AppDelegate.swift */; };
		304E7A1E2C8621B000F55F68 /* SceneDelegate.swift in Sources */ = {isa = PBXBuildFile; fileRef = 304E7A1D2C8621B000F55F68 /* SceneDelegate.swift */; };
		304E7A252C8621B100F55F68 /* Assets.xcassets in Resources */ = {isa = PBXBuildFile; fileRef = 304E7A242C8621B100F55F68 /* Assets.xcassets */; };
		304E7A282C8621B100F55F68 /* Base in Resources */ = {isa = PBXBuildFile; fileRef = 304E7A272C8621B100F55F68 /* Base */; };
		304E7A312C87589900F55F68 /* TabBarController.swift in Sources */ = {isa = PBXBuildFile; fileRef = 304E7A302C87589900F55F68 /* TabBarController.swift */; };
		304E7A342C8759E200F55F68 /* TrackerViewController.swift in Sources */ = {isa = PBXBuildFile; fileRef = 304E7A332C8759E200F55F68 /* TrackerViewController.swift */; };
		304E7A372C875A0E00F55F68 /* StatViewController.swift in Sources */ = {isa = PBXBuildFile; fileRef = 304E7A362C875A0E00F55F68 /* StatViewController.swift */; };
		305F7F502D63AF85001DDC88 /* Colors.swift in Sources */ = {isa = PBXBuildFile; fileRef = 305F7F4F2D63AF85001DDC88 /* Colors.swift */; };
		305F7F552D6A0738001DDC88 /* FilterViewController.swift in Sources */ = {isa = PBXBuildFile; fileRef = 305F7F542D6A0738001DDC88 /* FilterViewController.swift */; };
		305F7F582D6A0782001DDC88 /* FilterType.swift in Sources */ = {isa = PBXBuildFile; fileRef = 305F7F572D6A0782001DDC88 /* FilterType.swift */; };
		305F7F5A2D6A0895001DDC88 /* UITableView+Extension.swift in Sources */ = {isa = PBXBuildFile; fileRef = 305F7F592D6A0895001DDC88 /* UITableView+Extension.swift */; };
		305F7F5C2D6A0BD6001DDC88 /* UITableViewCell+Extension.swift in Sources */ = {isa = PBXBuildFile; fileRef = 305F7F5B2D6A0BD6001DDC88 /* UITableViewCell+Extension.swift */; };
		307C75892D44E75400724D84 /* UserAppSettingsStorage.swift in Sources */ = {isa = PBXBuildFile; fileRef = 307C75882D44E75400724D84 /* UserAppSettingsStorage.swift */; };
		30863AAF2CF7788300987F29 /* DaysValueTransformer.swift in Sources */ = {isa = PBXBuildFile; fileRef = 30863AAE2CF7788200987F29 /* DaysValueTransformer.swift */; };
		30863AB22CF7794200987F29 /* UIColorMarshalling.swift in Sources */ = {isa = PBXBuildFile; fileRef = 30863AB12CF7794200987F29 /* UIColorMarshalling.swift */; };
		30863AB42CF77C1000987F29 /* TrackerTypeValueTransformer.swift in Sources */ = {isa = PBXBuildFile; fileRef = 30863AB32CF77C1000987F29 /* TrackerTypeValueTransformer.swift */; };
		30863ABA2CF9FC4700987F29 /* TrackerStore.swift in Sources */ = {isa = PBXBuildFile; fileRef = 30863AB92CF9FC4700987F29 /* TrackerStore.swift */; };
		30863ABC2CF9FC5400987F29 /* TrackerCategoryStore.swift in Sources */ = {isa = PBXBuildFile; fileRef = 30863ABB2CF9FC5400987F29 /* TrackerCategoryStore.swift */; };
		30863ABE2CF9FC5E00987F29 /* TrackerRecordStore.swift in Sources */ = {isa = PBXBuildFile; fileRef = 30863ABD2CF9FC5E00987F29 /* TrackerRecordStore.swift */; };
		3099CD492D1D719A002D610C /* OnboardingViewController.swift in Sources */ = {isa = PBXBuildFile; fileRef = 3099CD482D1D719A002D610C /* OnboardingViewController.swift */; };
		309FA48C2D6B663A0034DBB8 /* InfoPlist.strings in Resources */ = {isa = PBXBuildFile; fileRef = 309FA4842D6B663A0034DBB8 /* InfoPlist.strings */; };
		309FA48D2D6B663A0034DBB8 /* Localizable.stringsdict in Resources */ = {isa = PBXBuildFile; fileRef = 309FA48A2D6B663A0034DBB8 /* Localizable.stringsdict */; };
		309FA48E2D6B663A0034DBB8 /* Localizable.strings in Resources */ = {isa = PBXBuildFile; fileRef = 309FA4872D6B663A0034DBB8 /* Localizable.strings */; };
		309FA4FC2D6DC5FE0034DBB8 /* InlineSnapshotTesting in Frameworks */ = {isa = PBXBuildFile; productRef = 309FA4FB2D6DC5FE0034DBB8 /* InlineSnapshotTesting */; };
		309FA4FE2D6DC5FE0034DBB8 /* SnapshotTesting in Frameworks */ = {isa = PBXBuildFile; productRef = 309FA4FD2D6DC5FE0034DBB8 /* SnapshotTesting */; };
		309FA5002D6DC5FE0034DBB8 /* SnapshotTestingCustomDump in Frameworks */ = {isa = PBXBuildFile; productRef = 309FA4FF2D6DC5FE0034DBB8 /* SnapshotTestingCustomDump */; };
		30B13E722CA5517100386389 /* TrackerCreateViewController.swift in Sources */ = {isa = PBXBuildFile; fileRef = 30B13E712CA5517100386389 /* TrackerCreateViewController.swift */; };
		30D8F32C2CC7B0C900B2986D /* TrackerHabbitViewCell.swift in Sources */ = {isa = PBXBuildFile; fileRef = 30D8F32B2CC7B0C900B2986D /* TrackerHabbitViewCell.swift */; };
		30D8F32F2CC9568600B2986D /* ScheduleViewController.swift in Sources */ = {isa = PBXBuildFile; fileRef = 30D8F32E2CC9568600B2986D /* ScheduleViewController.swift */; };
		30D8F3312CC956AD00B2986D /* SwitchTableViewCell.swift in Sources */ = {isa = PBXBuildFile; fileRef = 30D8F3302CC956AD00B2986D /* SwitchTableViewCell.swift */; };
		30ECE00D2D6A5F910070F030 /* AnalyticService.swift in Sources */ = {isa = PBXBuildFile; fileRef = 30ECE00C2D6A5F910070F030 /* AnalyticService.swift */; };
		30ECE0102D6A600D0070F030 /* AnalyticItems.swift in Sources */ = {isa = PBXBuildFile; fileRef = 30ECE00F2D6A600D0070F030 /* AnalyticItems.swift */; };
		30ECE0122D6A60290070F030 /* AnalyticScreen.swift in Sources */ = {isa = PBXBuildFile; fileRef = 30ECE0112D6A60290070F030 /* AnalyticScreen.swift */; };
		30ECE0162D6B28DA0070F030 /* StatModel.swift in Sources */ = {isa = PBXBuildFile; fileRef = 30ECE0152D6B28DA0070F030 /* StatModel.swift */; };
		30ECE0182D6B28F40070F030 /* StatCollectionViewCell.swift in Sources */ = {isa = PBXBuildFile; fileRef = 30ECE0172D6B28F40070F030 /* StatCollectionViewCell.swift */; };
		30ECE01A2D6B29760070F030 /* UIView+Extensions.swift in Sources */ = {isa = PBXBuildFile; fileRef = 30ECE0192D6B29760070F030 /* UIView+Extensions.swift */; };
		30ECE01C2D6B29B10070F030 /* CGPoint+Extensions.swift in Sources */ = {isa = PBXBuildFile; fileRef = 30ECE01B2D6B29B10070F030 /* CGPoint+Extensions.swift */; };
		30ECE01E2D6B2A030070F030 /* StatView.swift in Sources */ = {isa = PBXBuildFile; fileRef = 30ECE01D2D6B2A030070F030 /* StatView.swift */; };
		30ECE0202D6B2AAE0070F030 /* StatService.swift in Sources */ = {isa = PBXBuildFile; fileRef = 30ECE01F2D6B2AAE0070F030 /* StatService.swift */; };
		30ECE0222D6B2C770070F030 /* UICollectionView+Extensions.swift in Sources */ = {isa = PBXBuildFile; fileRef = 30ECE0212D6B2C770070F030 /* UICollectionView+Extensions.swift */; };
		30F88C1C2CA6BB0700A84469 /* TrackerCollectionViewCell.swift in Sources */ = {isa = PBXBuildFile; fileRef = 30F88C1B2CA6BB0700A84469 /* TrackerCollectionViewCell.swift */; };
		30F88C1E2CA6BF0C00A84469 /* TrackerCategoryHeaderView.swift in Sources */ = {isa = PBXBuildFile; fileRef = 30F88C1D2CA6BF0C00A84469 /* TrackerCategoryHeaderView.swift */; };
		30F88C212CB5603600A84469 /* TrackerIrregularEventViewController.swift in Sources */ = {isa = PBXBuildFile; fileRef = 30F88C202CB5603600A84469 /* TrackerIrregularEventViewController.swift */; };
		30F88C242CB6F07600A84469 /* TrackerHabbitViewController.swift in Sources */ = {isa = PBXBuildFile; fileRef = 30F88C232CB6F07600A84469 /* TrackerHabbitViewController.swift */; };
/* End PBXBuildFile section */

/* Begin PBXContainerItemProxy section */
		309FA4F52D6DC5CB0034DBB8 /* PBXContainerItemProxy */ = {
			isa = PBXContainerItemProxy;
			containerPortal = 304E7A102C8621B000F55F68 /* Project object */;
			proxyType = 1;
			remoteGlobalIDString = 304E7A172C8621B000F55F68;
			remoteInfo = Tracker;
		};
/* End PBXContainerItemProxy section */

/* Begin PBXFileReference section */
		3031867C2D0D785200CB64A8 /* Constants.swift */ = {isa = PBXFileReference; lastKnownFileType = sourcecode.swift; path = Constants.swift; sourceTree = "<group>"; };
		303186852D0D989F00CB64A8 /* TrackerModel.xcdatamodel */ = {isa = PBXFileReference; lastKnownFileType = wrapper.xcdatamodel; path = TrackerModel.xcdatamodel; sourceTree = "<group>"; };
		303BD3542D43C0F9009E8236 /* CategoryViewController.swift */ = {isa = PBXFileReference; lastKnownFileType = sourcecode.swift; path = CategoryViewController.swift; sourceTree = "<group>"; };
		303BD3562D43C109009E8236 /* CategoryViewModel.swift */ = {isa = PBXFileReference; lastKnownFileType = sourcecode.swift; path = CategoryViewModel.swift; sourceTree = "<group>"; };
		303BD3592D43C12E009E8236 /* CategoryTableViewCell.swift */ = {isa = PBXFileReference; lastKnownFileType = sourcecode.swift; path = CategoryTableViewCell.swift; sourceTree = "<group>"; };
		303BD35C2D43C1B1009E8236 /* CreateCategoryViewController.swift */ = {isa = PBXFileReference; lastKnownFileType = sourcecode.swift; path = CreateCategoryViewController.swift; sourceTree = "<group>"; };
		303BD3602D43C204009E8236 /* CreateCategoryMode.swift */ = {isa = PBXFileReference; lastKnownFileType = sourcecode.swift; path = CreateCategoryMode.swift; sourceTree = "<group>"; };
		303BD3632D43C319009E8236 /* AlertPresenter.swift */ = {isa = PBXFileReference; lastKnownFileType = sourcecode.swift; path = AlertPresenter.swift; sourceTree = "<group>"; };
		303BD3652D43C330009E8236 /* AlertModel.swift */ = {isa = PBXFileReference; lastKnownFileType = sourcecode.swift; path = AlertModel.swift; sourceTree = "<group>"; };
		303BD3682D43C88A009E8236 /* PlaceholderView.swift */ = {isa = PBXFileReference; lastKnownFileType = sourcecode.swift; path = PlaceholderView.swift; sourceTree = "<group>"; };
		303BD36A2D43C89C009E8236 /* PlaceholderModel.swift */ = {isa = PBXFileReference; lastKnownFileType = sourcecode.swift; path = PlaceholderModel.swift; sourceTree = "<group>"; };
		303EA4212CEBC87D003B170C /* PaddedTextField.swift */ = {isa = PBXFileReference; lastKnownFileType = sourcecode.swift; path = PaddedTextField.swift; sourceTree = "<group>"; };
		303EA4242CEE5566003B170C /* Tracker.swift */ = {isa = PBXFileReference; lastKnownFileType = sourcecode.swift; path = Tracker.swift; sourceTree = "<group>"; };
		303EA4262CEE558D003B170C /* TrackerCategory.swift */ = {isa = PBXFileReference; lastKnownFileType = sourcecode.swift; path = TrackerCategory.swift; sourceTree = "<group>"; };
		303EA4282CEE55C6003B170C /* TrackerRecord.swift */ = {isa = PBXFileReference; lastKnownFileType = sourcecode.swift; path = TrackerRecord.swift; sourceTree = "<group>"; };
		303EA42A2CEE55E6003B170C /* TrackerType.swift */ = {isa = PBXFileReference; lastKnownFileType = sourcecode.swift; path = TrackerType.swift; sourceTree = "<group>"; };
		303EA42C2CEE560F003B170C /* Weekday.swift */ = {isa = PBXFileReference; lastKnownFileType = sourcecode.swift; path = Weekday.swift; sourceTree = "<group>"; };
		30412E3D2D51FFA1002FE4DE /* OnboardingPageViewController.swift */ = {isa = PBXFileReference; lastKnownFileType = sourcecode.swift; path = OnboardingPageViewController.swift; sourceTree = "<group>"; };
		30412E3F2D520098002FE4DE /* OnboardingPage.swift */ = {isa = PBXFileReference; lastKnownFileType = sourcecode.swift; path = OnboardingPage.swift; sourceTree = "<group>"; };
		30412E412D5200A2002FE4DE /* OnboardingPageView.swift */ = {isa = PBXFileReference; lastKnownFileType = sourcecode.swift; path = OnboardingPageView.swift; sourceTree = "<group>"; };
		30412E442D520141002FE4DE /* AppColorSettings.swift */ = {isa = PBXFileReference; lastKnownFileType = sourcecode.swift; path = AppColorSettings.swift; sourceTree = "<group>"; };
		30412E472D5201C4002FE4DE /* UIColor+Extensions.swift */ = {isa = PBXFileReference; lastKnownFileType = sourcecode.swift; path = "UIColor+Extensions.swift"; sourceTree = "<group>"; };
		30477F902D536A5900960296 /* AccessibilityIdentifiers.swift */ = {isa = PBXFileReference; lastKnownFileType = sourcecode.swift; path = AccessibilityIdentifiers.swift; sourceTree = "<group>"; };
		30477F922D536AAE00960296 /* Notification+Extensions.swift */ = {isa = PBXFileReference; lastKnownFileType = sourcecode.swift; path = "Notification+Extensions.swift"; sourceTree = "<group>"; };
		3049A0702D0211B300160890 /* StoreErrors.swift */ = {isa = PBXFileReference; lastKnownFileType = sourcecode.swift; path = StoreErrors.swift; sourceTree = "<group>"; };
		304E7A182C8621B000F55F68 /* Tracker.app */ = {isa = PBXFileReference; explicitFileType = wrapper.application; includeInIndex = 0; path = Tracker.app; sourceTree = BUILT_PRODUCTS_DIR; };
		304E7A1B2C8621B000F55F68 /* AppDelegate.swift */ = {isa = PBXFileReference; lastKnownFileType = sourcecode.swift; path = AppDelegate.swift; sourceTree = "<group>"; };
		304E7A1D2C8621B000F55F68 /* SceneDelegate.swift */ = {isa = PBXFileReference; lastKnownFileType = sourcecode.swift; path = SceneDelegate.swift; sourceTree = "<group>"; };
		304E7A242C8621B100F55F68 /* Assets.xcassets */ = {isa = PBXFileReference; lastKnownFileType = folder.assetcatalog; path = Assets.xcassets; sourceTree = "<group>"; };
		304E7A272C8621B100F55F68 /* Base */ = {isa = PBXFileReference; lastKnownFileType = file.storyboard; name = Base; path = Base.lproj/LaunchScreen.storyboard; sourceTree = "<group>"; };
		304E7A292C8621B100F55F68 /* Info.plist */ = {isa = PBXFileReference; lastKnownFileType = text.plist.xml; path = Info.plist; sourceTree = "<group>"; };
		304E7A302C87589900F55F68 /* TabBarController.swift */ = {isa = PBXFileReference; lastKnownFileType = sourcecode.swift; path = TabBarController.swift; sourceTree = "<group>"; };
		304E7A332C8759E200F55F68 /* TrackerViewController.swift */ = {isa = PBXFileReference; lastKnownFileType = sourcecode.swift; path = TrackerViewController.swift; sourceTree = "<group>"; };
		304E7A362C875A0E00F55F68 /* StatViewController.swift */ = {isa = PBXFileReference; lastKnownFileType = sourcecode.swift; path = StatViewController.swift; sourceTree = "<group>"; };
		304F3A0B2D6B654100821D88 /* ru */ = {isa = PBXFileReference; lastKnownFileType = text.plist.strings; name = ru; path = ru.lproj/LaunchScreen.strings; sourceTree = "<group>"; };
		3053EFB12D6B64B600980784 /* en */ = {isa = PBXFileReference; lastKnownFileType = text.plist.strings; name = en; path = en.lproj/LaunchScreen.strings; sourceTree = "<group>"; };
		305F7F4F2D63AF85001DDC88 /* Colors.swift */ = {isa = PBXFileReference; lastKnownFileType = sourcecode.swift; path = Colors.swift; sourceTree = "<group>"; };
		305F7F542D6A0738001DDC88 /* FilterViewController.swift */ = {isa = PBXFileReference; lastKnownFileType = sourcecode.swift; path = FilterViewController.swift; sourceTree = "<group>"; };
		305F7F572D6A0782001DDC88 /* FilterType.swift */ = {isa = PBXFileReference; lastKnownFileType = sourcecode.swift; path = FilterType.swift; sourceTree = "<group>"; };
		305F7F592D6A0895001DDC88 /* UITableView+Extension.swift */ = {isa = PBXFileReference; lastKnownFileType = sourcecode.swift; path = "UITableView+Extension.swift"; sourceTree = "<group>"; };
		305F7F5B2D6A0BD6001DDC88 /* UITableViewCell+Extension.swift */ = {isa = PBXFileReference; lastKnownFileType = sourcecode.swift; path = "UITableViewCell+Extension.swift"; sourceTree = "<group>"; };
		307C75882D44E75400724D84 /* UserAppSettingsStorage.swift */ = {isa = PBXFileReference; lastKnownFileType = sourcecode.swift; path = UserAppSettingsStorage.swift; sourceTree = "<group>"; };
		30863AAE2CF7788200987F29 /* DaysValueTransformer.swift */ = {isa = PBXFileReference; lastKnownFileType = sourcecode.swift; path = DaysValueTransformer.swift; sourceTree = "<group>"; };
		30863AB12CF7794200987F29 /* UIColorMarshalling.swift */ = {isa = PBXFileReference; lastKnownFileType = sourcecode.swift; path = UIColorMarshalling.swift; sourceTree = "<group>"; };
		30863AB32CF77C1000987F29 /* TrackerTypeValueTransformer.swift */ = {isa = PBXFileReference; lastKnownFileType = sourcecode.swift; path = TrackerTypeValueTransformer.swift; sourceTree = "<group>"; };
		30863AB92CF9FC4700987F29 /* TrackerStore.swift */ = {isa = PBXFileReference; lastKnownFileType = sourcecode.swift; path = TrackerStore.swift; sourceTree = "<group>"; };
		30863ABB2CF9FC5400987F29 /* TrackerCategoryStore.swift */ = {isa = PBXFileReference; lastKnownFileType = sourcecode.swift; path = TrackerCategoryStore.swift; sourceTree = "<group>"; };
		30863ABD2CF9FC5E00987F29 /* TrackerRecordStore.swift */ = {isa = PBXFileReference; lastKnownFileType = sourcecode.swift; path = TrackerRecordStore.swift; sourceTree = "<group>"; };
		3099CD482D1D719A002D610C /* OnboardingViewController.swift */ = {isa = PBXFileReference; lastKnownFileType = sourcecode.swift; path = OnboardingViewController.swift; sourceTree = "<group>"; };
		309FA4822D6B663A0034DBB8 /* en */ = {isa = PBXFileReference; lastKnownFileType = text.plist.strings; name = en; path = en.lproj/InfoPlist.strings; sourceTree = "<group>"; };
		309FA4832D6B663A0034DBB8 /* ru */ = {isa = PBXFileReference; lastKnownFileType = text.plist.strings; name = ru; path = ru.lproj/InfoPlist.strings; sourceTree = "<group>"; };
		309FA4852D6B663A0034DBB8 /* en */ = {isa = PBXFileReference; lastKnownFileType = text.plist.strings; name = en; path = en.lproj/Localizable.strings; sourceTree = "<group>"; };
		309FA4862D6B663A0034DBB8 /* ru */ = {isa = PBXFileReference; lastKnownFileType = text.plist.strings; name = ru; path = ru.lproj/Localizable.strings; sourceTree = "<group>"; };
		309FA4882D6B663A0034DBB8 /* en */ = {isa = PBXFileReference; lastKnownFileType = text.plist.stringsdict; name = en; path = en.lproj/Localizable.stringsdict; sourceTree = "<group>"; };
		309FA4892D6B663A0034DBB8 /* ru */ = {isa = PBXFileReference; lastKnownFileType = text.plist.stringsdict; name = ru; path = ru.lproj/Localizable.stringsdict; sourceTree = "<group>"; };
		309FA4F12D6DC5CB0034DBB8 /* TrackerTests.xctest */ = {isa = PBXFileReference; explicitFileType = wrapper.cfbundle; includeInIndex = 0; path = TrackerTests.xctest; sourceTree = BUILT_PRODUCTS_DIR; };
		30B13E712CA5517100386389 /* TrackerCreateViewController.swift */ = {isa = PBXFileReference; lastKnownFileType = sourcecode.swift; path = TrackerCreateViewController.swift; sourceTree = "<group>"; };
		30D8F32B2CC7B0C900B2986D /* TrackerHabbitViewCell.swift */ = {isa = PBXFileReference; lastKnownFileType = sourcecode.swift; path = TrackerHabbitViewCell.swift; sourceTree = "<group>"; };
		30D8F32E2CC9568600B2986D /* ScheduleViewController.swift */ = {isa = PBXFileReference; lastKnownFileType = sourcecode.swift; path = ScheduleViewController.swift; sourceTree = "<group>"; };
		30D8F3302CC956AD00B2986D /* SwitchTableViewCell.swift */ = {isa = PBXFileReference; lastKnownFileType = sourcecode.swift; path = SwitchTableViewCell.swift; sourceTree = "<group>"; };
		30ECE00C2D6A5F910070F030 /* AnalyticService.swift */ = {isa = PBXFileReference; lastKnownFileType = sourcecode.swift; path = AnalyticService.swift; sourceTree = "<group>"; };
		30ECE00F2D6A600D0070F030 /* AnalyticItems.swift */ = {isa = PBXFileReference; lastKnownFileType = sourcecode.swift; path = AnalyticItems.swift; sourceTree = "<group>"; };
		30ECE0112D6A60290070F030 /* AnalyticScreen.swift */ = {isa = PBXFileReference; lastKnownFileType = sourcecode.swift; path = AnalyticScreen.swift; sourceTree = "<group>"; };
		30ECE0152D6B28DA0070F030 /* StatModel.swift */ = {isa = PBXFileReference; lastKnownFileType = sourcecode.swift; path = StatModel.swift; sourceTree = "<group>"; };
		30ECE0172D6B28F40070F030 /* StatCollectionViewCell.swift */ = {isa = PBXFileReference; lastKnownFileType = sourcecode.swift; path = StatCollectionViewCell.swift; sourceTree = "<group>"; };
		30ECE0192D6B29760070F030 /* UIView+Extensions.swift */ = {isa = PBXFileReference; lastKnownFileType = sourcecode.swift; path = "UIView+Extensions.swift"; sourceTree = "<group>"; };
		30ECE01B2D6B29B10070F030 /* CGPoint+Extensions.swift */ = {isa = PBXFileReference; lastKnownFileType = sourcecode.swift; path = "CGPoint+Extensions.swift"; sourceTree = "<group>"; };
		30ECE01D2D6B2A030070F030 /* StatView.swift */ = {isa = PBXFileReference; lastKnownFileType = sourcecode.swift; path = StatView.swift; sourceTree = "<group>"; };
		30ECE01F2D6B2AAE0070F030 /* StatService.swift */ = {isa = PBXFileReference; lastKnownFileType = sourcecode.swift; path = StatService.swift; sourceTree = "<group>"; };
		30ECE0212D6B2C770070F030 /* UICollectionView+Extensions.swift */ = {isa = PBXFileReference; lastKnownFileType = sourcecode.swift; path = "UICollectionView+Extensions.swift"; sourceTree = "<group>"; };
		30F88C1B2CA6BB0700A84469 /* TrackerCollectionViewCell.swift */ = {isa = PBXFileReference; lastKnownFileType = sourcecode.swift; path = TrackerCollectionViewCell.swift; sourceTree = "<group>"; };
		30F88C1D2CA6BF0C00A84469 /* TrackerCategoryHeaderView.swift */ = {isa = PBXFileReference; lastKnownFileType = sourcecode.swift; path = TrackerCategoryHeaderView.swift; sourceTree = "<group>"; };
		30F88C202CB5603600A84469 /* TrackerIrregularEventViewController.swift */ = {isa = PBXFileReference; lastKnownFileType = sourcecode.swift; path = TrackerIrregularEventViewController.swift; sourceTree = "<group>"; };
		30F88C232CB6F07600A84469 /* TrackerHabbitViewController.swift */ = {isa = PBXFileReference; lastKnownFileType = sourcecode.swift; path = TrackerHabbitViewController.swift; sourceTree = "<group>"; };
		859E0705B75505EF50A944FD /* Pods-Tracker.release.xcconfig */ = {isa = PBXFileReference; includeInIndex = 1; lastKnownFileType = text.xcconfig; name = "Pods-Tracker.release.xcconfig"; path = "Target Support Files/Pods-Tracker/Pods-Tracker.release.xcconfig"; sourceTree = "<group>"; };
		8CE541A2BCCBB52C09A4F0AE /* Pods_Tracker.framework */ = {isa = PBXFileReference; explicitFileType = wrapper.framework; includeInIndex = 0; path = Pods_Tracker.framework; sourceTree = BUILT_PRODUCTS_DIR; };
		A2D3A521A3701DEDC7E4A0A2 /* Pods-Tracker.debug.xcconfig */ = {isa = PBXFileReference; includeInIndex = 1; lastKnownFileType = text.xcconfig; name = "Pods-Tracker.debug.xcconfig"; path = "Target Support Files/Pods-Tracker/Pods-Tracker.debug.xcconfig"; sourceTree = "<group>"; };
/* End PBXFileReference section */

/* Begin PBXFileSystemSynchronizedRootGroup section */
		309FA4F22D6DC5CB0034DBB8 /* TrackerTests */ = {isa = PBXFileSystemSynchronizedRootGroup; explicitFileTypes = {}; explicitFolders = (); path = TrackerTests; sourceTree = "<group>"; };
/* End PBXFileSystemSynchronizedRootGroup section */

/* Begin PBXFrameworksBuildPhase section */
		304E7A152C8621B000F55F68 /* Frameworks */ = {
			isa = PBXFrameworksBuildPhase;
			buildActionMask = 2147483647;
			files = (
				197CC997F83320067FBF8C2F /* Pods_Tracker.framework in Frameworks */,
			);
			runOnlyForDeploymentPostprocessing = 0;
		};
		309FA4EE2D6DC5CB0034DBB8 /* Frameworks */ = {
			isa = PBXFrameworksBuildPhase;
			buildActionMask = 2147483647;
			files = (
				309FA5002D6DC5FE0034DBB8 /* SnapshotTestingCustomDump in Frameworks */,
				309FA4FC2D6DC5FE0034DBB8 /* InlineSnapshotTesting in Frameworks */,
				309FA4FE2D6DC5FE0034DBB8 /* SnapshotTesting in Frameworks */,
			);
			runOnlyForDeploymentPostprocessing = 0;
		};
/* End PBXFrameworksBuildPhase section */

/* Begin PBXGroup section */
		303BD3532D43C0D4009E8236 /* Category */ = {
			isa = PBXGroup;
			children = (
				303BD3542D43C0F9009E8236 /* CategoryViewController.swift */,
				303BD3562D43C109009E8236 /* CategoryViewModel.swift */,
				303BD3582D43C122009E8236 /* Cell */,
			);
			path = Category;
			sourceTree = "<group>";
		};
		303BD3582D43C122009E8236 /* Cell */ = {
			isa = PBXGroup;
			children = (
				303BD3592D43C12E009E8236 /* CategoryTableViewCell.swift */,
			);
			path = Cell;
			sourceTree = "<group>";
		};
		303BD35B2D43C157009E8236 /* CreateCategory */ = {
			isa = PBXGroup;
			children = (
				303BD35C2D43C1B1009E8236 /* CreateCategoryViewController.swift */,
				303BD3602D43C204009E8236 /* CreateCategoryMode.swift */,
			);
			path = CreateCategory;
			sourceTree = "<group>";
		};
		303BD3622D43C2F4009E8236 /* Alert */ = {
			isa = PBXGroup;
			children = (
				303BD3632D43C319009E8236 /* AlertPresenter.swift */,
				303BD3652D43C330009E8236 /* AlertModel.swift */,
			);
			path = Alert;
			sourceTree = "<group>";
		};
		303BD3672D43C86A009E8236 /* Placeholder */ = {
			isa = PBXGroup;
			children = (
				303BD3682D43C88A009E8236 /* PlaceholderView.swift */,
				303BD36A2D43C89C009E8236 /* PlaceholderModel.swift */,
			);
			path = Placeholder;
			sourceTree = "<group>";
		};
		303EA4232CEE554E003B170C /* Model */ = {
			isa = PBXGroup;
			children = (
				303EA4242CEE5566003B170C /* Tracker.swift */,
				303EA4262CEE558D003B170C /* TrackerCategory.swift */,
				303EA4282CEE55C6003B170C /* TrackerRecord.swift */,
				303EA42A2CEE55E6003B170C /* TrackerType.swift */,
				303EA42C2CEE560F003B170C /* Weekday.swift */,
			);
			path = Model;
			sourceTree = "<group>";
		};
		30412E432D52012B002FE4DE /* AppSettings */ = {
			isa = PBXGroup;
			children = (
				30412E442D520141002FE4DE /* AppColorSettings.swift */,
			);
			path = AppSettings;
			sourceTree = "<group>";
		};
		30412E462D52019E002FE4DE /* Extensions */ = {
			isa = PBXGroup;
			children = (
				30412E472D5201C4002FE4DE /* UIColor+Extensions.swift */,
				30477F922D536AAE00960296 /* Notification+Extensions.swift */,
				305F7F592D6A0895001DDC88 /* UITableView+Extension.swift */,
				305F7F5B2D6A0BD6001DDC88 /* UITableViewCell+Extension.swift */,
				30ECE0192D6B29760070F030 /* UIView+Extensions.swift */,
				30ECE01B2D6B29B10070F030 /* CGPoint+Extensions.swift */,
				30ECE0212D6B2C770070F030 /* UICollectionView+Extensions.swift */,
			);
			path = Extensions;
			sourceTree = "<group>";
		};
		3049A06F2D020EF000160890 /* CoreData */ = {
			isa = PBXGroup;
			children = (
				303186842D0D989F00CB64A8 /* TrackerModel.xcdatamodeld */,
				30863AB02CF7792700987F29 /* Transformators */,
				30863AB82CF9FC2A00987F29 /* Stores */,
			);
			path = CoreData;
			sourceTree = "<group>";
		};
		304E7A0F2C8621B000F55F68 = {
			isa = PBXGroup;
			children = (
				304E7A1A2C8621B000F55F68 /* Tracker */,
				309FA4F22D6DC5CB0034DBB8 /* TrackerTests */,
				304E7A192C8621B000F55F68 /* Products */,
				573D941899CC8F29B28D3A6F /* Pods */,
				BB796CA889DB869473C757A4 /* Frameworks */,
			);
			sourceTree = "<group>";
		};
		304E7A192C8621B000F55F68 /* Products */ = {
			isa = PBXGroup;
			children = (
				304E7A182C8621B000F55F68 /* Tracker.app */,
				309FA4F12D6DC5CB0034DBB8 /* TrackerTests.xctest */,
			);
			name = Products;
			sourceTree = "<group>";
		};
		304E7A1A2C8621B000F55F68 /* Tracker */ = {
			isa = PBXGroup;
			children = (
				309FA48B2D6B663A0034DBB8 /* Resources */,
				304E7A352C8759F700F55F68 /* StatViewController */,
				304E7A322C8759CD00F55F68 /* TrackerViewController */,
				304E7A2F2C87588500F55F68 /* TabBar */,
				307C75872D44E73C00724D84 /* Services */,
				303BD3672D43C86A009E8236 /* Placeholder */,
				303BD3622D43C2F4009E8236 /* Alert */,
				3099CD472D1D7152002D610C /* Onboarding */,
				3049A06F2D020EF000160890 /* CoreData */,
				30412E462D52019E002FE4DE /* Extensions */,
				30412E432D52012B002FE4DE /* AppSettings */,
				307C758A2D44E7FC00724D84 /* SystemFiles */,
			);
			path = Tracker;
			sourceTree = "<group>";
		};
		304E7A2F2C87588500F55F68 /* TabBar */ = {
			isa = PBXGroup;
			children = (
				304E7A302C87589900F55F68 /* TabBarController.swift */,
			);
			path = TabBar;
			sourceTree = "<group>";
		};
		304E7A322C8759CD00F55F68 /* TrackerViewController */ = {
			isa = PBXGroup;
			children = (
				305F7F532D6A071E001DDC88 /* FilterViewController */,
				305F7F4E2D63AF78001DDC88 /* Colors */,
				30D8F3332CCFE69200B2986D /* View */,
				30B13E702CA5514A00386389 /* TrackerCreateView */,
				303EA4232CEE554E003B170C /* Model */,
				303BD3532D43C0D4009E8236 /* Category */,
				303BD35B2D43C157009E8236 /* CreateCategory */,
				30D8F32D2CC9567C00B2986D /* ScheduleViewController */,
				30F88C222CB6F04700A84469 /* TrackerHabbitViewController */,
				30F88C1F2CB55FB100A84469 /* TrackerIrregularEventViewController */,
			);
			path = TrackerViewController;
			sourceTree = "<group>";
		};
		304E7A352C8759F700F55F68 /* StatViewController */ = {
			isa = PBXGroup;
			children = (
				304E7A362C875A0E00F55F68 /* StatViewController.swift */,
				30ECE01D2D6B2A030070F030 /* StatView.swift */,
				30ECE0132D6B28A30070F030 /* Cell */,
				30ECE0142D6B28B00070F030 /* Models */,
			);
			path = StatViewController;
			sourceTree = "<group>";
		};
		305F7F4E2D63AF78001DDC88 /* Colors */ = {
			isa = PBXGroup;
			children = (
				305F7F4F2D63AF85001DDC88 /* Colors.swift */,
			);
			path = Colors;
			sourceTree = "<group>";
		};
		305F7F532D6A071E001DDC88 /* FilterViewController */ = {
			isa = PBXGroup;
			children = (
				305F7F542D6A0738001DDC88 /* FilterViewController.swift */,
				305F7F562D6A076E001DDC88 /* Models */,
			);
			path = FilterViewController;
			sourceTree = "<group>";
		};
		305F7F562D6A076E001DDC88 /* Models */ = {
			isa = PBXGroup;
			children = (
				305F7F572D6A0782001DDC88 /* FilterType.swift */,
			);
			path = Models;
			sourceTree = "<group>";
		};
		307C75872D44E73C00724D84 /* Services */ = {
			isa = PBXGroup;
			children = (
				307C75882D44E75400724D84 /* UserAppSettingsStorage.swift */,
				30ECE00C2D6A5F910070F030 /* AnalyticService.swift */,
				30ECE01F2D6B2AAE0070F030 /* StatService.swift */,
				30ECE00E2D6A5FFE0070F030 /* Models */,
			);
			path = Services;
			sourceTree = "<group>";
		};
		307C758A2D44E7FC00724D84 /* SystemFiles */ = {
			isa = PBXGroup;
			children = (
				304E7A1D2C8621B000F55F68 /* SceneDelegate.swift */,
				304E7A1B2C8621B000F55F68 /* AppDelegate.swift */,
				3031867C2D0D785200CB64A8 /* Constants.swift */,
				30477F902D536A5900960296 /* AccessibilityIdentifiers.swift */,
				304E7A242C8621B100F55F68 /* Assets.xcassets */,
				304E7A262C8621B100F55F68 /* LaunchScreen.storyboard */,
				304E7A292C8621B100F55F68 /* Info.plist */,
			);
			path = SystemFiles;
			sourceTree = "<group>";
		};
		30863AB02CF7792700987F29 /* Transformators */ = {
			isa = PBXGroup;
			children = (
				30863AAE2CF7788200987F29 /* DaysValueTransformer.swift */,
				30863AB12CF7794200987F29 /* UIColorMarshalling.swift */,
				30863AB32CF77C1000987F29 /* TrackerTypeValueTransformer.swift */,
			);
			path = Transformators;
			sourceTree = "<group>";
		};
		30863AB82CF9FC2A00987F29 /* Stores */ = {
			isa = PBXGroup;
			children = (
				30863AB92CF9FC4700987F29 /* TrackerStore.swift */,
				30863ABB2CF9FC5400987F29 /* TrackerCategoryStore.swift */,
				30863ABD2CF9FC5E00987F29 /* TrackerRecordStore.swift */,
				3049A0702D0211B300160890 /* StoreErrors.swift */,
			);
			path = Stores;
			sourceTree = "<group>";
		};
		3099CD472D1D7152002D610C /* Onboarding */ = {
			isa = PBXGroup;
			children = (
				3099CD482D1D719A002D610C /* OnboardingViewController.swift */,
				30412E3D2D51FFA1002FE4DE /* OnboardingPageViewController.swift */,
				30412E412D5200A2002FE4DE /* OnboardingPageView.swift */,
				30412E3F2D520098002FE4DE /* OnboardingPage.swift */,
			);
			path = Onboarding;
			sourceTree = "<group>";
		};
		309FA48B2D6B663A0034DBB8 /* Resources */ = {
			isa = PBXGroup;
			children = (
				309FA4842D6B663A0034DBB8 /* InfoPlist.strings */,
				309FA4872D6B663A0034DBB8 /* Localizable.strings */,
				309FA48A2D6B663A0034DBB8 /* Localizable.stringsdict */,
			);
			path = Resources;
			sourceTree = "<group>";
		};
		30B13E702CA5514A00386389 /* TrackerCreateView */ = {
			isa = PBXGroup;
			children = (
				30B13E712CA5517100386389 /* TrackerCreateViewController.swift */,
			);
			path = TrackerCreateView;
			sourceTree = "<group>";
		};
		30D8F32D2CC9567C00B2986D /* ScheduleViewController */ = {
			isa = PBXGroup;
			children = (
				30D8F32E2CC9568600B2986D /* ScheduleViewController.swift */,
				30D8F3302CC956AD00B2986D /* SwitchTableViewCell.swift */,
			);
			path = ScheduleViewController;
			sourceTree = "<group>";
		};
		30D8F3332CCFE69200B2986D /* View */ = {
			isa = PBXGroup;
			children = (
				304E7A332C8759E200F55F68 /* TrackerViewController.swift */,
				30F88C1B2CA6BB0700A84469 /* TrackerCollectionViewCell.swift */,
				30F88C1D2CA6BF0C00A84469 /* TrackerCategoryHeaderView.swift */,
			);
			path = View;
			sourceTree = "<group>";
		};
		30ECE00E2D6A5FFE0070F030 /* Models */ = {
			isa = PBXGroup;
			children = (
				30ECE00F2D6A600D0070F030 /* AnalyticItems.swift */,
				30ECE0112D6A60290070F030 /* AnalyticScreen.swift */,
			);
			path = Models;
			sourceTree = "<group>";
		};
		30ECE0132D6B28A30070F030 /* Cell */ = {
			isa = PBXGroup;
			children = (
				30ECE0172D6B28F40070F030 /* StatCollectionViewCell.swift */,
			);
			path = Cell;
			sourceTree = "<group>";
		};
		30ECE0142D6B28B00070F030 /* Models */ = {
			isa = PBXGroup;
			children = (
				30ECE0152D6B28DA0070F030 /* StatModel.swift */,
			);
			path = Models;
			sourceTree = "<group>";
		};
		30F88C1F2CB55FB100A84469 /* TrackerIrregularEventViewController */ = {
			isa = PBXGroup;
			children = (
				30F88C202CB5603600A84469 /* TrackerIrregularEventViewController.swift */,
			);
			path = TrackerIrregularEventViewController;
			sourceTree = "<group>";
		};
		30F88C222CB6F04700A84469 /* TrackerHabbitViewController */ = {
			isa = PBXGroup;
			children = (
				30F88C232CB6F07600A84469 /* TrackerHabbitViewController.swift */,
				30D8F32B2CC7B0C900B2986D /* TrackerHabbitViewCell.swift */,
				303EA4212CEBC87D003B170C /* PaddedTextField.swift */,
			);
			path = TrackerHabbitViewController;
			sourceTree = "<group>";
		};
		573D941899CC8F29B28D3A6F /* Pods */ = {
			isa = PBXGroup;
			children = (
				A2D3A521A3701DEDC7E4A0A2 /* Pods-Tracker.debug.xcconfig */,
				859E0705B75505EF50A944FD /* Pods-Tracker.release.xcconfig */,
			);
			path = Pods;
			sourceTree = "<group>";
		};
		BB796CA889DB869473C757A4 /* Frameworks */ = {
			isa = PBXGroup;
			children = (
				8CE541A2BCCBB52C09A4F0AE /* Pods_Tracker.framework */,
			);
			name = Frameworks;
			sourceTree = "<group>";
		};
/* End PBXGroup section */

/* Begin PBXNativeTarget section */
		304E7A172C8621B000F55F68 /* Tracker */ = {
			isa = PBXNativeTarget;
			buildConfigurationList = 304E7A2C2C8621B100F55F68 /* Build configuration list for PBXNativeTarget "Tracker" */;
			buildPhases = (
				D1F9EFE6210BE24950AF34E1 /* [CP] Check Pods Manifest.lock */,
				304E7A142C8621B000F55F68 /* Sources */,
				304E7A152C8621B000F55F68 /* Frameworks */,
				304E7A162C8621B000F55F68 /* Resources */,
				CBCC1EDC372B1E9ED6A21B9C /* [CP] Embed Pods Frameworks */,
			);
			buildRules = (
			);
			dependencies = (
			);
			name = Tracker;
			productName = Tracker;
			productReference = 304E7A182C8621B000F55F68 /* Tracker.app */;
			productType = "com.apple.product-type.application";
		};
		309FA4F02D6DC5CB0034DBB8 /* TrackerTests */ = {
			isa = PBXNativeTarget;
			buildConfigurationList = 309FA4F72D6DC5CB0034DBB8 /* Build configuration list for PBXNativeTarget "TrackerTests" */;
			buildPhases = (
				309FA4ED2D6DC5CB0034DBB8 /* Sources */,
				309FA4EE2D6DC5CB0034DBB8 /* Frameworks */,
				309FA4EF2D6DC5CB0034DBB8 /* Resources */,
			);
			buildRules = (
			);
			dependencies = (
				309FA4F62D6DC5CB0034DBB8 /* PBXTargetDependency */,
			);
			fileSystemSynchronizedGroups = (
				309FA4F22D6DC5CB0034DBB8 /* TrackerTests */,
			);
			name = TrackerTests;
			packageProductDependencies = (
				309FA4FB2D6DC5FE0034DBB8 /* InlineSnapshotTesting */,
				309FA4FD2D6DC5FE0034DBB8 /* SnapshotTesting */,
				309FA4FF2D6DC5FE0034DBB8 /* SnapshotTestingCustomDump */,
			);
			productName = TrackerTests;
			productReference = 309FA4F12D6DC5CB0034DBB8 /* TrackerTests.xctest */;
			productType = "com.apple.product-type.bundle.unit-test";
		};
/* End PBXNativeTarget section */

/* Begin PBXProject section */
		304E7A102C8621B000F55F68 /* Project object */ = {
			isa = PBXProject;
			attributes = {
				BuildIndependentTargetsInParallel = 1;
				LastSwiftUpdateCheck = 1620;
				LastUpgradeCheck = 1540;
				TargetAttributes = {
					304E7A172C8621B000F55F68 = {
						CreatedOnToolsVersion = 15.4;
					};
					309FA4F02D6DC5CB0034DBB8 = {
						CreatedOnToolsVersion = 16.2;
						TestTargetID = 304E7A172C8621B000F55F68;
					};
				};
			};
			buildConfigurationList = 304E7A132C8621B000F55F68 /* Build configuration list for PBXProject "Tracker" */;
			compatibilityVersion = "Xcode 14.0";
			developmentRegion = en;
			hasScannedForEncodings = 0;
			knownRegions = (
				en,
				Base,
				ru,
			);
			mainGroup = 304E7A0F2C8621B000F55F68;
			packageReferences = (
				309FA4FA2D6DC5FE0034DBB8 /* XCRemoteSwiftPackageReference "swift-snapshot-testing" */,
			);
			productRefGroup = 304E7A192C8621B000F55F68 /* Products */;
			projectDirPath = "";
			projectRoot = "";
			targets = (
				304E7A172C8621B000F55F68 /* Tracker */,
				309FA4F02D6DC5CB0034DBB8 /* TrackerTests */,
			);
		};
/* End PBXProject section */

/* Begin PBXResourcesBuildPhase section */
		304E7A162C8621B000F55F68 /* Resources */ = {
			isa = PBXResourcesBuildPhase;
			buildActionMask = 2147483647;
			files = (
				309FA48C2D6B663A0034DBB8 /* InfoPlist.strings in Resources */,
				309FA48D2D6B663A0034DBB8 /* Localizable.stringsdict in Resources */,
				309FA48E2D6B663A0034DBB8 /* Localizable.strings in Resources */,
				304E7A252C8621B100F55F68 /* Assets.xcassets in Resources */,
				304E7A282C8621B100F55F68 /* Base in Resources */,
			);
			runOnlyForDeploymentPostprocessing = 0;
		};
		309FA4EF2D6DC5CB0034DBB8 /* Resources */ = {
			isa = PBXResourcesBuildPhase;
			buildActionMask = 2147483647;
			files = (
			);
			runOnlyForDeploymentPostprocessing = 0;
		};
/* End PBXResourcesBuildPhase section */

/* Begin PBXShellScriptBuildPhase section */
		CBCC1EDC372B1E9ED6A21B9C /* [CP] Embed Pods Frameworks */ = {
			isa = PBXShellScriptBuildPhase;
			buildActionMask = 2147483647;
			files = (
			);
			inputFileListPaths = (
				"${PODS_ROOT}/Target Support Files/Pods-Tracker/Pods-Tracker-frameworks-${CONFIGURATION}-input-files.xcfilelist",
			);
			name = "[CP] Embed Pods Frameworks";
			outputFileListPaths = (
				"${PODS_ROOT}/Target Support Files/Pods-Tracker/Pods-Tracker-frameworks-${CONFIGURATION}-output-files.xcfilelist",
			);
			runOnlyForDeploymentPostprocessing = 0;
			shellPath = /bin/sh;
			shellScript = "\"${PODS_ROOT}/Target Support Files/Pods-Tracker/Pods-Tracker-frameworks.sh\"\n";
			showEnvVarsInLog = 0;
		};
		D1F9EFE6210BE24950AF34E1 /* [CP] Check Pods Manifest.lock */ = {
			isa = PBXShellScriptBuildPhase;
			buildActionMask = 2147483647;
			files = (
			);
			inputFileListPaths = (
			);
			inputPaths = (
				"${PODS_PODFILE_DIR_PATH}/Podfile.lock",
				"${PODS_ROOT}/Manifest.lock",
			);
			name = "[CP] Check Pods Manifest.lock";
			outputFileListPaths = (
			);
			outputPaths = (
				"$(DERIVED_FILE_DIR)/Pods-Tracker-checkManifestLockResult.txt",
			);
			runOnlyForDeploymentPostprocessing = 0;
			shellPath = /bin/sh;
			shellScript = "diff \"${PODS_PODFILE_DIR_PATH}/Podfile.lock\" \"${PODS_ROOT}/Manifest.lock\" > /dev/null\nif [ $? != 0 ] ; then\n    # print error to STDERR\n    echo \"error: The sandbox is not in sync with the Podfile.lock. Run 'pod install' or update your CocoaPods installation.\" >&2\n    exit 1\nfi\n# This output is used by Xcode 'outputs' to avoid re-running this script phase.\necho \"SUCCESS\" > \"${SCRIPT_OUTPUT_FILE_0}\"\n";
			showEnvVarsInLog = 0;
		};
/* End PBXShellScriptBuildPhase section */

/* Begin PBXSourcesBuildPhase section */
		304E7A142C8621B000F55F68 /* Sources */ = {
			isa = PBXSourcesBuildPhase;
			buildActionMask = 2147483647;
			files = (
				30D8F32F2CC9568600B2986D /* ScheduleViewController.swift in Sources */,
				3099CD492D1D719A002D610C /* OnboardingViewController.swift in Sources */,
				303EA4222CEBC87D003B170C /* PaddedTextField.swift in Sources */,
				305F7F5C2D6A0BD6001DDC88 /* UITableViewCell+Extension.swift in Sources */,
				30F88C212CB5603600A84469 /* TrackerIrregularEventViewController.swift in Sources */,
				304E7A342C8759E200F55F68 /* TrackerViewController.swift in Sources */,
				303BD3572D43C109009E8236 /* CategoryViewModel.swift in Sources */,
				305F7F552D6A0738001DDC88 /* FilterViewController.swift in Sources */,
				303EA4252CEE5566003B170C /* Tracker.swift in Sources */,
				3049A0712D0211B300160890 /* StoreErrors.swift in Sources */,
				30863ABE2CF9FC5E00987F29 /* TrackerRecordStore.swift in Sources */,
				30ECE01E2D6B2A030070F030 /* StatView.swift in Sources */,
				303EA4292CEE55C6003B170C /* TrackerRecord.swift in Sources */,
				305F7F502D63AF85001DDC88 /* Colors.swift in Sources */,
				303EA42D2CEE560F003B170C /* Weekday.swift in Sources */,
				30ECE0162D6B28DA0070F030 /* StatModel.swift in Sources */,
				303BD3552D43C0F9009E8236 /* CategoryViewController.swift in Sources */,
				305F7F582D6A0782001DDC88 /* FilterType.swift in Sources */,
				30412E452D520141002FE4DE /* AppColorSettings.swift in Sources */,
				30412E3E2D51FFA1002FE4DE /* OnboardingPageViewController.swift in Sources */,
				30ECE00D2D6A5F910070F030 /* AnalyticService.swift in Sources */,
				30B13E722CA5517100386389 /* TrackerCreateViewController.swift in Sources */,
				30D8F3312CC956AD00B2986D /* SwitchTableViewCell.swift in Sources */,
				30ECE0222D6B2C770070F030 /* UICollectionView+Extensions.swift in Sources */,
				3031867D2D0D785200CB64A8 /* Constants.swift in Sources */,
				303BD3642D43C319009E8236 /* AlertPresenter.swift in Sources */,
				30477F932D536AAE00960296 /* Notification+Extensions.swift in Sources */,
				30ECE0182D6B28F40070F030 /* StatCollectionViewCell.swift in Sources */,
				305F7F5A2D6A0895001DDC88 /* UITableView+Extension.swift in Sources */,
				303BD3662D43C330009E8236 /* AlertModel.swift in Sources */,
				30412E482D5201C4002FE4DE /* UIColor+Extensions.swift in Sources */,
				303BD36B2D43C89C009E8236 /* PlaceholderModel.swift in Sources */,
				30863AAF2CF7788300987F29 /* DaysValueTransformer.swift in Sources */,
				304E7A312C87589900F55F68 /* TabBarController.swift in Sources */,
				30ECE0102D6A600D0070F030 /* AnalyticItems.swift in Sources */,
				304E7A1C2C8621B000F55F68 /* AppDelegate.swift in Sources */,
				30ECE0202D6B2AAE0070F030 /* StatService.swift in Sources */,
				30F88C1C2CA6BB0700A84469 /* TrackerCollectionViewCell.swift in Sources */,
				30F88C1E2CA6BF0C00A84469 /* TrackerCategoryHeaderView.swift in Sources */,
				30863ABA2CF9FC4700987F29 /* TrackerStore.swift in Sources */,
				30477F912D536A5900960296 /* AccessibilityIdentifiers.swift in Sources */,
				303EA42B2CEE55E6003B170C /* TrackerType.swift in Sources */,
				30863ABC2CF9FC5400987F29 /* TrackerCategoryStore.swift in Sources */,
				303BD3692D43C88A009E8236 /* PlaceholderView.swift in Sources */,
				303BD35A2D43C12E009E8236 /* CategoryTableViewCell.swift in Sources */,
				304E7A372C875A0E00F55F68 /* StatViewController.swift in Sources */,
				30F88C242CB6F07600A84469 /* TrackerHabbitViewController.swift in Sources */,
				303BD3612D43C204009E8236 /* CreateCategoryMode.swift in Sources */,
				30863AB42CF77C1000987F29 /* TrackerTypeValueTransformer.swift in Sources */,
				30412E402D520098002FE4DE /* OnboardingPage.swift in Sources */,
				303BD35D2D43C1B1009E8236 /* CreateCategoryViewController.swift in Sources */,
				304E7A1E2C8621B000F55F68 /* SceneDelegate.swift in Sources */,
				30412E422D5200A2002FE4DE /* OnboardingPageView.swift in Sources */,
				303EA4272CEE558D003B170C /* TrackerCategory.swift in Sources */,
				30ECE01C2D6B29B10070F030 /* CGPoint+Extensions.swift in Sources */,
				30ECE01A2D6B29760070F030 /* UIView+Extensions.swift in Sources */,
				307C75892D44E75400724D84 /* UserAppSettingsStorage.swift in Sources */,
				30D8F32C2CC7B0C900B2986D /* TrackerHabbitViewCell.swift in Sources */,
				30ECE0122D6A60290070F030 /* AnalyticScreen.swift in Sources */,
				303186862D0D989F00CB64A8 /* TrackerModel.xcdatamodeld in Sources */,
				30863AB22CF7794200987F29 /* UIColorMarshalling.swift in Sources */,
			);
			runOnlyForDeploymentPostprocessing = 0;
		};
		309FA4ED2D6DC5CB0034DBB8 /* Sources */ = {
			isa = PBXSourcesBuildPhase;
			buildActionMask = 2147483647;
			files = (
			);
			runOnlyForDeploymentPostprocessing = 0;
		};
/* End PBXSourcesBuildPhase section */

/* Begin PBXTargetDependency section */
		309FA4F62D6DC5CB0034DBB8 /* PBXTargetDependency */ = {
			isa = PBXTargetDependency;
			target = 304E7A172C8621B000F55F68 /* Tracker */;
			targetProxy = 309FA4F52D6DC5CB0034DBB8 /* PBXContainerItemProxy */;
		};
/* End PBXTargetDependency section */

/* Begin PBXVariantGroup section */
		304E7A262C8621B100F55F68 /* LaunchScreen.storyboard */ = {
			isa = PBXVariantGroup;
			children = (
				304E7A272C8621B100F55F68 /* Base */,
				3053EFB12D6B64B600980784 /* en */,
				304F3A0B2D6B654100821D88 /* ru */,
			);
			name = LaunchScreen.storyboard;
			sourceTree = "<group>";
		};
		309FA4842D6B663A0034DBB8 /* InfoPlist.strings */ = {
			isa = PBXVariantGroup;
			children = (
				309FA4822D6B663A0034DBB8 /* en */,
				309FA4832D6B663A0034DBB8 /* ru */,
			);
			name = InfoPlist.strings;
			sourceTree = "<group>";
		};
		309FA4872D6B663A0034DBB8 /* Localizable.strings */ = {
			isa = PBXVariantGroup;
			children = (
				309FA4852D6B663A0034DBB8 /* en */,
				309FA4862D6B663A0034DBB8 /* ru */,
			);
			name = Localizable.strings;
			sourceTree = "<group>";
		};
		309FA48A2D6B663A0034DBB8 /* Localizable.stringsdict */ = {
			isa = PBXVariantGroup;
			children = (
				309FA4882D6B663A0034DBB8 /* en */,
				309FA4892D6B663A0034DBB8 /* ru */,
			);
			name = Localizable.stringsdict;
			sourceTree = "<group>";
		};
/* End PBXVariantGroup section */

/* Begin XCBuildConfiguration section */
		304E7A2A2C8621B100F55F68 /* Debug */ = {
			isa = XCBuildConfiguration;
			buildSettings = {
				ALWAYS_SEARCH_USER_PATHS = NO;
				ASSETCATALOG_COMPILER_GENERATE_SWIFT_ASSET_SYMBOL_EXTENSIONS = YES;
				CLANG_ANALYZER_LOCALIZABILITY_NONLOCALIZED = YES;
				CLANG_ANALYZER_NONNULL = YES;
				CLANG_ANALYZER_NUMBER_OBJECT_CONVERSION = YES_AGGRESSIVE;
				CLANG_CXX_LANGUAGE_STANDARD = "gnu++20";
				CLANG_ENABLE_MODULES = YES;
				CLANG_ENABLE_OBJC_ARC = YES;
				CLANG_ENABLE_OBJC_WEAK = YES;
				CLANG_WARN_BLOCK_CAPTURE_AUTORELEASING = YES;
				CLANG_WARN_BOOL_CONVERSION = YES;
				CLANG_WARN_COMMA = YES;
				CLANG_WARN_CONSTANT_CONVERSION = YES;
				CLANG_WARN_DEPRECATED_OBJC_IMPLEMENTATIONS = YES;
				CLANG_WARN_DIRECT_OBJC_ISA_USAGE = YES_ERROR;
				CLANG_WARN_DOCUMENTATION_COMMENTS = YES;
				CLANG_WARN_EMPTY_BODY = YES;
				CLANG_WARN_ENUM_CONVERSION = YES;
				CLANG_WARN_INFINITE_RECURSION = YES;
				CLANG_WARN_INT_CONVERSION = YES;
				CLANG_WARN_NON_LITERAL_NULL_CONVERSION = YES;
				CLANG_WARN_OBJC_IMPLICIT_RETAIN_SELF = YES;
				CLANG_WARN_OBJC_LITERAL_CONVERSION = YES;
				CLANG_WARN_OBJC_ROOT_CLASS = YES_ERROR;
				CLANG_WARN_QUOTED_INCLUDE_IN_FRAMEWORK_HEADER = YES;
				CLANG_WARN_RANGE_LOOP_ANALYSIS = YES;
				CLANG_WARN_STRICT_PROTOTYPES = YES;
				CLANG_WARN_SUSPICIOUS_MOVE = YES;
				CLANG_WARN_UNGUARDED_AVAILABILITY = YES_AGGRESSIVE;
				CLANG_WARN_UNREACHABLE_CODE = YES;
				CLANG_WARN__DUPLICATE_METHOD_MATCH = YES;
				COPY_PHASE_STRIP = NO;
				DEBUG_INFORMATION_FORMAT = dwarf;
				ENABLE_STRICT_OBJC_MSGSEND = YES;
				ENABLE_TESTABILITY = YES;
				ENABLE_USER_SCRIPT_SANDBOXING = YES;
				GCC_C_LANGUAGE_STANDARD = gnu17;
				GCC_DYNAMIC_NO_PIC = NO;
				GCC_NO_COMMON_BLOCKS = YES;
				GCC_OPTIMIZATION_LEVEL = 0;
				GCC_PREPROCESSOR_DEFINITIONS = (
					"DEBUG=1",
					"$(inherited)",
				);
				GCC_WARN_64_TO_32_BIT_CONVERSION = YES;
				GCC_WARN_ABOUT_RETURN_TYPE = YES_ERROR;
				GCC_WARN_UNDECLARED_SELECTOR = YES;
				GCC_WARN_UNINITIALIZED_AUTOS = YES_AGGRESSIVE;
				GCC_WARN_UNUSED_FUNCTION = YES;
				GCC_WARN_UNUSED_VARIABLE = YES;
				IPHONEOS_DEPLOYMENT_TARGET = 13.4;
				LOCALIZATION_PREFERS_STRING_CATALOGS = YES;
				MTL_ENABLE_DEBUG_INFO = INCLUDE_SOURCE;
				MTL_FAST_MATH = YES;
				ONLY_ACTIVE_ARCH = YES;
				SDKROOT = iphoneos;
				SWIFT_ACTIVE_COMPILATION_CONDITIONS = "DEBUG $(inherited)";
				SWIFT_OPTIMIZATION_LEVEL = "-Onone";
			};
			name = Debug;
		};
		304E7A2B2C8621B100F55F68 /* Release */ = {
			isa = XCBuildConfiguration;
			buildSettings = {
				ALWAYS_SEARCH_USER_PATHS = NO;
				ASSETCATALOG_COMPILER_GENERATE_SWIFT_ASSET_SYMBOL_EXTENSIONS = YES;
				CLANG_ANALYZER_LOCALIZABILITY_NONLOCALIZED = YES;
				CLANG_ANALYZER_NONNULL = YES;
				CLANG_ANALYZER_NUMBER_OBJECT_CONVERSION = YES_AGGRESSIVE;
				CLANG_CXX_LANGUAGE_STANDARD = "gnu++20";
				CLANG_ENABLE_MODULES = YES;
				CLANG_ENABLE_OBJC_ARC = YES;
				CLANG_ENABLE_OBJC_WEAK = YES;
				CLANG_WARN_BLOCK_CAPTURE_AUTORELEASING = YES;
				CLANG_WARN_BOOL_CONVERSION = YES;
				CLANG_WARN_COMMA = YES;
				CLANG_WARN_CONSTANT_CONVERSION = YES;
				CLANG_WARN_DEPRECATED_OBJC_IMPLEMENTATIONS = YES;
				CLANG_WARN_DIRECT_OBJC_ISA_USAGE = YES_ERROR;
				CLANG_WARN_DOCUMENTATION_COMMENTS = YES;
				CLANG_WARN_EMPTY_BODY = YES;
				CLANG_WARN_ENUM_CONVERSION = YES;
				CLANG_WARN_INFINITE_RECURSION = YES;
				CLANG_WARN_INT_CONVERSION = YES;
				CLANG_WARN_NON_LITERAL_NULL_CONVERSION = YES;
				CLANG_WARN_OBJC_IMPLICIT_RETAIN_SELF = YES;
				CLANG_WARN_OBJC_LITERAL_CONVERSION = YES;
				CLANG_WARN_OBJC_ROOT_CLASS = YES_ERROR;
				CLANG_WARN_QUOTED_INCLUDE_IN_FRAMEWORK_HEADER = YES;
				CLANG_WARN_RANGE_LOOP_ANALYSIS = YES;
				CLANG_WARN_STRICT_PROTOTYPES = YES;
				CLANG_WARN_SUSPICIOUS_MOVE = YES;
				CLANG_WARN_UNGUARDED_AVAILABILITY = YES_AGGRESSIVE;
				CLANG_WARN_UNREACHABLE_CODE = YES;
				CLANG_WARN__DUPLICATE_METHOD_MATCH = YES;
				COPY_PHASE_STRIP = NO;
				DEBUG_INFORMATION_FORMAT = "dwarf-with-dsym";
				ENABLE_NS_ASSERTIONS = NO;
				ENABLE_STRICT_OBJC_MSGSEND = YES;
				ENABLE_USER_SCRIPT_SANDBOXING = YES;
				GCC_C_LANGUAGE_STANDARD = gnu17;
				GCC_NO_COMMON_BLOCKS = YES;
				GCC_WARN_64_TO_32_BIT_CONVERSION = YES;
				GCC_WARN_ABOUT_RETURN_TYPE = YES_ERROR;
				GCC_WARN_UNDECLARED_SELECTOR = YES;
				GCC_WARN_UNINITIALIZED_AUTOS = YES_AGGRESSIVE;
				GCC_WARN_UNUSED_FUNCTION = YES;
				GCC_WARN_UNUSED_VARIABLE = YES;
				IPHONEOS_DEPLOYMENT_TARGET = 13.4;
				LOCALIZATION_PREFERS_STRING_CATALOGS = YES;
				MTL_ENABLE_DEBUG_INFO = NO;
				MTL_FAST_MATH = YES;
				SDKROOT = iphoneos;
				SWIFT_COMPILATION_MODE = wholemodule;
				VALIDATE_PRODUCT = YES;
			};
			name = Release;
		};
		304E7A2D2C8621B100F55F68 /* Debug */ = {
			isa = XCBuildConfiguration;
			baseConfigurationReference = A2D3A521A3701DEDC7E4A0A2 /* Pods-Tracker.debug.xcconfig */;
			buildSettings = {
				ASSETCATALOG_COMPILER_APPICON_NAME = AppIcon;
				ASSETCATALOG_COMPILER_GLOBAL_ACCENT_COLOR_NAME = AccentColor;
				CODE_SIGN_STYLE = Automatic;
				CURRENT_PROJECT_VERSION = 1;
				DEVELOPMENT_TEAM = D43J355YJK;
				ENABLE_USER_SCRIPT_SANDBOXING = NO;
				GENERATE_INFOPLIST_FILE = YES;
				INFOPLIST_FILE = Tracker/SystemFiles/Info.plist;
				INFOPLIST_KEY_UIApplicationSupportsIndirectInputEvents = YES;
				INFOPLIST_KEY_UILaunchStoryboardName = LaunchScreen;
				INFOPLIST_KEY_UISupportedInterfaceOrientations_iPad = "UIInterfaceOrientationPortrait UIInterfaceOrientationPortraitUpsideDown UIInterfaceOrientationLandscapeLeft UIInterfaceOrientationLandscapeRight";
				INFOPLIST_KEY_UISupportedInterfaceOrientations_iPhone = UIInterfaceOrientationPortrait;
				IPHONEOS_DEPLOYMENT_TARGET = 13.4;
				LD_RUNPATH_SEARCH_PATHS = (
					"$(inherited)",
					"@executable_path/Frameworks",
				);
				MARKETING_VERSION = 1.0;
				PRODUCT_BUNDLE_IDENTIFIER = ru.DemiDevv.yandex.Tracker;
				PRODUCT_NAME = "$(TARGET_NAME)";
				SUPPORTED_PLATFORMS = "iphoneos iphonesimulator";
				SUPPORTS_MACCATALYST = NO;
				SUPPORTS_MAC_DESIGNED_FOR_IPHONE_IPAD = NO;
				SUPPORTS_XR_DESIGNED_FOR_IPHONE_IPAD = NO;
				SWIFT_EMIT_LOC_STRINGS = YES;
				SWIFT_VERSION = 5.0;
				TARGETED_DEVICE_FAMILY = 1;
			};
			name = Debug;
		};
		304E7A2E2C8621B100F55F68 /* Release */ = {
			isa = XCBuildConfiguration;
			baseConfigurationReference = 859E0705B75505EF50A944FD /* Pods-Tracker.release.xcconfig */;
			buildSettings = {
				ASSETCATALOG_COMPILER_APPICON_NAME = AppIcon;
				ASSETCATALOG_COMPILER_GLOBAL_ACCENT_COLOR_NAME = AccentColor;
				CODE_SIGN_STYLE = Automatic;
				CURRENT_PROJECT_VERSION = 1;
				DEVELOPMENT_TEAM = D43J355YJK;
				ENABLE_USER_SCRIPT_SANDBOXING = NO;
				GENERATE_INFOPLIST_FILE = YES;
				INFOPLIST_FILE = Tracker/SystemFiles/Info.plist;
				INFOPLIST_KEY_UIApplicationSupportsIndirectInputEvents = YES;
				INFOPLIST_KEY_UILaunchStoryboardName = LaunchScreen;
				INFOPLIST_KEY_UISupportedInterfaceOrientations_iPad = "UIInterfaceOrientationPortrait UIInterfaceOrientationPortraitUpsideDown UIInterfaceOrientationLandscapeLeft UIInterfaceOrientationLandscapeRight";
				INFOPLIST_KEY_UISupportedInterfaceOrientations_iPhone = UIInterfaceOrientationPortrait;
				IPHONEOS_DEPLOYMENT_TARGET = 13.4;
				LD_RUNPATH_SEARCH_PATHS = (
					"$(inherited)",
					"@executable_path/Frameworks",
				);
				MARKETING_VERSION = 1.0;
				PRODUCT_BUNDLE_IDENTIFIER = ru.DemiDevv.yandex.Tracker;
				PRODUCT_NAME = "$(TARGET_NAME)";
				SUPPORTED_PLATFORMS = "iphoneos iphonesimulator";
				SUPPORTS_MACCATALYST = NO;
				SUPPORTS_MAC_DESIGNED_FOR_IPHONE_IPAD = NO;
				SUPPORTS_XR_DESIGNED_FOR_IPHONE_IPAD = NO;
				SWIFT_EMIT_LOC_STRINGS = YES;
				SWIFT_VERSION = 5.0;
				TARGETED_DEVICE_FAMILY = 1;
			};
			name = Release;
		};
		309FA4F82D6DC5CB0034DBB8 /* Debug */ = {
			isa = XCBuildConfiguration;
			buildSettings = {
				BUNDLE_LOADER = "$(TEST_HOST)";
				CODE_SIGN_STYLE = Automatic;
				CURRENT_PROJECT_VERSION = 1;
				DEVELOPMENT_TEAM = D43J355YJK;
				GENERATE_INFOPLIST_FILE = YES;
				IPHONEOS_DEPLOYMENT_TARGET = 15.6;
				MARKETING_VERSION = 1.0;
				PRODUCT_BUNDLE_IDENTIFIER = ru.DemiDevv.yandex.TrackerTests;
				PRODUCT_NAME = "$(TARGET_NAME)";
				SWIFT_EMIT_LOC_STRINGS = NO;
				SWIFT_VERSION = 5.0;
				TARGETED_DEVICE_FAMILY = 1;
				TEST_HOST = "$(BUILT_PRODUCTS_DIR)/Tracker.app/$(BUNDLE_EXECUTABLE_FOLDER_PATH)/Tracker";
			};
			name = Debug;
		};
		309FA4F92D6DC5CB0034DBB8 /* Release */ = {
			isa = XCBuildConfiguration;
			buildSettings = {
				BUNDLE_LOADER = "$(TEST_HOST)";
				CODE_SIGN_STYLE = Automatic;
				CURRENT_PROJECT_VERSION = 1;
				DEVELOPMENT_TEAM = D43J355YJK;
				GENERATE_INFOPLIST_FILE = YES;
				IPHONEOS_DEPLOYMENT_TARGET = 15.6;
				MARKETING_VERSION = 1.0;
				PRODUCT_BUNDLE_IDENTIFIER = ru.DemiDevv.yandex.TrackerTests;
				PRODUCT_NAME = "$(TARGET_NAME)";
				SWIFT_EMIT_LOC_STRINGS = NO;
				SWIFT_VERSION = 5.0;
				TARGETED_DEVICE_FAMILY = 1;
				TEST_HOST = "$(BUILT_PRODUCTS_DIR)/Tracker.app/$(BUNDLE_EXECUTABLE_FOLDER_PATH)/Tracker";
			};
			name = Release;
		};
/* End XCBuildConfiguration section */

/* Begin XCConfigurationList section */
		304E7A132C8621B000F55F68 /* Build configuration list for PBXProject "Tracker" */ = {
			isa = XCConfigurationList;
			buildConfigurations = (
				304E7A2A2C8621B100F55F68 /* Debug */,
				304E7A2B2C8621B100F55F68 /* Release */,
			);
			defaultConfigurationIsVisible = 0;
			defaultConfigurationName = Release;
		};
		304E7A2C2C8621B100F55F68 /* Build configuration list for PBXNativeTarget "Tracker" */ = {
			isa = XCConfigurationList;
			buildConfigurations = (
				304E7A2D2C8621B100F55F68 /* Debug */,
				304E7A2E2C8621B100F55F68 /* Release */,
			);
			defaultConfigurationIsVisible = 0;
			defaultConfigurationName = Release;
		};
		309FA4F72D6DC5CB0034DBB8 /* Build configuration list for PBXNativeTarget "TrackerTests" */ = {
			isa = XCConfigurationList;
			buildConfigurations = (
				309FA4F82D6DC5CB0034DBB8 /* Debug */,
				309FA4F92D6DC5CB0034DBB8 /* Release */,
			);
			defaultConfigurationIsVisible = 0;
			defaultConfigurationName = Release;
		};
/* End XCConfigurationList section */

/* Begin XCRemoteSwiftPackageReference section */
		309FA4FA2D6DC5FE0034DBB8 /* XCRemoteSwiftPackageReference "swift-snapshot-testing" */ = {
			isa = XCRemoteSwiftPackageReference;
			repositoryURL = "https://github.com/pointfreeco/swift-snapshot-testing";
			requirement = {
				kind = upToNextMajorVersion;
				minimumVersion = 1.17.5;
			};
		};
/* End XCRemoteSwiftPackageReference section */

/* Begin XCSwiftPackageProductDependency section */
		309FA4FB2D6DC5FE0034DBB8 /* InlineSnapshotTesting */ = {
			isa = XCSwiftPackageProductDependency;
			package = 309FA4FA2D6DC5FE0034DBB8 /* XCRemoteSwiftPackageReference "swift-snapshot-testing" */;
			productName = InlineSnapshotTesting;
		};
		309FA4FD2D6DC5FE0034DBB8 /* SnapshotTesting */ = {
			isa = XCSwiftPackageProductDependency;
			package = 309FA4FA2D6DC5FE0034DBB8 /* XCRemoteSwiftPackageReference "swift-snapshot-testing" */;
			productName = SnapshotTesting;
		};
		309FA4FF2D6DC5FE0034DBB8 /* SnapshotTestingCustomDump */ = {
			isa = XCSwiftPackageProductDependency;
			package = 309FA4FA2D6DC5FE0034DBB8 /* XCRemoteSwiftPackageReference "swift-snapshot-testing" */;
			productName = SnapshotTestingCustomDump;
		};
/* End XCSwiftPackageProductDependency section */

/* Begin XCVersionGroup section */
		303186842D0D989F00CB64A8 /* TrackerModel.xcdatamodeld */ = {
			isa = XCVersionGroup;
			children = (
				303186852D0D989F00CB64A8 /* TrackerModel.xcdatamodel */,
			);
			currentVersion = 303186852D0D989F00CB64A8 /* TrackerModel.xcdatamodel */;
			path = TrackerModel.xcdatamodeld;
			sourceTree = "<group>";
			versionGroupType = wrapper.xcdatamodel;
		};
/* End XCVersionGroup section */
	};
	rootObject = 304E7A102C8621B000F55F68 /* Project object */;
}
