// !$*UTF8*$!
{
	archiveVersion = 1;
	classes = {
	};
	objectVersion = 56;
	objects = {

/* Begin PBXBuildFile section */
		3035EF892C96F80400897ADE /* TrackerBody.swift in Sources */ = {isa = PBXBuildFile; fileRef = 3035EF882C96F80400897ADE /* TrackerBody.swift */; };
		304E7A1C2C8621B000F55F68 /* AppDelegate.swift in Sources */ = {isa = PBXBuildFile; fileRef = 304E7A1B2C8621B000F55F68 /* AppDelegate.swift */; };
		304E7A1E2C8621B000F55F68 /* SceneDelegate.swift in Sources */ = {isa = PBXBuildFile; fileRef = 304E7A1D2C8621B000F55F68 /* SceneDelegate.swift */; };
		304E7A252C8621B100F55F68 /* Assets.xcassets in Resources */ = {isa = PBXBuildFile; fileRef = 304E7A242C8621B100F55F68 /* Assets.xcassets */; };
		304E7A282C8621B100F55F68 /* Base in Resources */ = {isa = PBXBuildFile; fileRef = 304E7A272C8621B100F55F68 /* Base */; };
		304E7A312C87589900F55F68 /* TabBarController.swift in Sources */ = {isa = PBXBuildFile; fileRef = 304E7A302C87589900F55F68 /* TabBarController.swift */; };
		304E7A342C8759E200F55F68 /* TrackerViewController.swift in Sources */ = {isa = PBXBuildFile; fileRef = 304E7A332C8759E200F55F68 /* TrackerViewController.swift */; };
		304E7A372C875A0E00F55F68 /* StatViewController.swift in Sources */ = {isa = PBXBuildFile; fileRef = 304E7A362C875A0E00F55F68 /* StatViewController.swift */; };
		30B13E722CA5517100386389 /* TrackerCreateViewController.swift in Sources */ = {isa = PBXBuildFile; fileRef = 30B13E712CA5517100386389 /* TrackerCreateViewController.swift */; };
		30D8F32C2CC7B0C900B2986D /* TrackerHabbitViewCell.swift in Sources */ = {isa = PBXBuildFile; fileRef = 30D8F32B2CC7B0C900B2986D /* TrackerHabbitViewCell.swift */; };
		30D8F32F2CC9568600B2986D /* ScheduleViewController.swift in Sources */ = {isa = PBXBuildFile; fileRef = 30D8F32E2CC9568600B2986D /* ScheduleViewController.swift */; };
		30D8F3312CC956AD00B2986D /* SwitchTableViewCell.swift in Sources */ = {isa = PBXBuildFile; fileRef = 30D8F3302CC956AD00B2986D /* SwitchTableViewCell.swift */; };
		30F88C1C2CA6BB0700A84469 /* TrackerCollectionViewCell.swift in Sources */ = {isa = PBXBuildFile; fileRef = 30F88C1B2CA6BB0700A84469 /* TrackerCollectionViewCell.swift */; };
		30F88C1E2CA6BF0C00A84469 /* TrackerCategoryHeaderView.swift in Sources */ = {isa = PBXBuildFile; fileRef = 30F88C1D2CA6BF0C00A84469 /* TrackerCategoryHeaderView.swift */; };
		30F88C212CB5603600A84469 /* TrackerIrregularEventViewController.swift in Sources */ = {isa = PBXBuildFile; fileRef = 30F88C202CB5603600A84469 /* TrackerIrregularEventViewController.swift */; };
		30F88C242CB6F07600A84469 /* TrackerHabbitViewController.swift in Sources */ = {isa = PBXBuildFile; fileRef = 30F88C232CB6F07600A84469 /* TrackerHabbitViewController.swift */; };
/* End PBXBuildFile section */

/* Begin PBXFileReference section */
		3035EF882C96F80400897ADE /* TrackerBody.swift */ = {isa = PBXFileReference; lastKnownFileType = sourcecode.swift; path = TrackerBody.swift; sourceTree = "<group>"; };
		304E7A182C8621B000F55F68 /* Tracker.app */ = {isa = PBXFileReference; explicitFileType = wrapper.application; includeInIndex = 0; path = Tracker.app; sourceTree = BUILT_PRODUCTS_DIR; };
		304E7A1B2C8621B000F55F68 /* AppDelegate.swift */ = {isa = PBXFileReference; lastKnownFileType = sourcecode.swift; path = AppDelegate.swift; sourceTree = "<group>"; };
		304E7A1D2C8621B000F55F68 /* SceneDelegate.swift */ = {isa = PBXFileReference; lastKnownFileType = sourcecode.swift; path = SceneDelegate.swift; sourceTree = "<group>"; };
		304E7A242C8621B100F55F68 /* Assets.xcassets */ = {isa = PBXFileReference; lastKnownFileType = folder.assetcatalog; path = Assets.xcassets; sourceTree = "<group>"; };
		304E7A272C8621B100F55F68 /* Base */ = {isa = PBXFileReference; lastKnownFileType = file.storyboard; name = Base; path = Base.lproj/LaunchScreen.storyboard; sourceTree = "<group>"; };
		304E7A292C8621B100F55F68 /* Info.plist */ = {isa = PBXFileReference; lastKnownFileType = text.plist.xml; path = Info.plist; sourceTree = "<group>"; };
		304E7A302C87589900F55F68 /* TabBarController.swift */ = {isa = PBXFileReference; lastKnownFileType = sourcecode.swift; path = TabBarController.swift; sourceTree = "<group>"; };
		304E7A332C8759E200F55F68 /* TrackerViewController.swift */ = {isa = PBXFileReference; lastKnownFileType = sourcecode.swift; path = TrackerViewController.swift; sourceTree = "<group>"; };
		304E7A362C875A0E00F55F68 /* StatViewController.swift */ = {isa = PBXFileReference; lastKnownFileType = sourcecode.swift; path = StatViewController.swift; sourceTree = "<group>"; };
		30B13E712CA5517100386389 /* TrackerCreateViewController.swift */ = {isa = PBXFileReference; lastKnownFileType = sourcecode.swift; path = TrackerCreateViewController.swift; sourceTree = "<group>"; };
		30D8F32B2CC7B0C900B2986D /* TrackerHabbitViewCell.swift */ = {isa = PBXFileReference; lastKnownFileType = sourcecode.swift; path = TrackerHabbitViewCell.swift; sourceTree = "<group>"; };
		30D8F32E2CC9568600B2986D /* ScheduleViewController.swift */ = {isa = PBXFileReference; lastKnownFileType = sourcecode.swift; path = ScheduleViewController.swift; sourceTree = "<group>"; };
		30D8F3302CC956AD00B2986D /* SwitchTableViewCell.swift */ = {isa = PBXFileReference; lastKnownFileType = sourcecode.swift; path = SwitchTableViewCell.swift; sourceTree = "<group>"; };
		30F88C1B2CA6BB0700A84469 /* TrackerCollectionViewCell.swift */ = {isa = PBXFileReference; lastKnownFileType = sourcecode.swift; path = TrackerCollectionViewCell.swift; sourceTree = "<group>"; };
		30F88C1D2CA6BF0C00A84469 /* TrackerCategoryHeaderView.swift */ = {isa = PBXFileReference; lastKnownFileType = sourcecode.swift; path = TrackerCategoryHeaderView.swift; sourceTree = "<group>"; };
		30F88C202CB5603600A84469 /* TrackerIrregularEventViewController.swift */ = {isa = PBXFileReference; lastKnownFileType = sourcecode.swift; path = TrackerIrregularEventViewController.swift; sourceTree = "<group>"; };
		30F88C232CB6F07600A84469 /* TrackerHabbitViewController.swift */ = {isa = PBXFileReference; lastKnownFileType = sourcecode.swift; path = TrackerHabbitViewController.swift; sourceTree = "<group>"; };
/* End PBXFileReference section */

/* Begin PBXFrameworksBuildPhase section */
		304E7A152C8621B000F55F68 /* Frameworks */ = {
			isa = PBXFrameworksBuildPhase;
			buildActionMask = 2147483647;
			files = (
			);
			runOnlyForDeploymentPostprocessing = 0;
		};
/* End PBXFrameworksBuildPhase section */

/* Begin PBXGroup section */
		304E7A0F2C8621B000F55F68 = {
			isa = PBXGroup;
			children = (
				304E7A352C8759F700F55F68 /* StatViewController */,
				304E7A322C8759CD00F55F68 /* TrackerViewController */,
				304E7A2F2C87588500F55F68 /* TabBar */,
				304E7A1A2C8621B000F55F68 /* Tracker */,
				304E7A192C8621B000F55F68 /* Products */,
			);
			sourceTree = "<group>";
		};
		304E7A192C8621B000F55F68 /* Products */ = {
			isa = PBXGroup;
			children = (
				304E7A182C8621B000F55F68 /* Tracker.app */,
			);
			name = Products;
			sourceTree = "<group>";
		};
		304E7A1A2C8621B000F55F68 /* Tracker */ = {
			isa = PBXGroup;
			children = (
				304E7A1B2C8621B000F55F68 /* AppDelegate.swift */,
				304E7A1D2C8621B000F55F68 /* SceneDelegate.swift */,
				304E7A242C8621B100F55F68 /* Assets.xcassets */,
				304E7A262C8621B100F55F68 /* LaunchScreen.storyboard */,
				304E7A292C8621B100F55F68 /* Info.plist */,
			);
			path = Tracker;
			sourceTree = "<group>";
		};
		304E7A2F2C87588500F55F68 /* TabBar */ = {
			isa = PBXGroup;
			children = (
				304E7A302C87589900F55F68 /* TabBarController.swift */,
			);
			path = TabBar;
			sourceTree = "<group>";
		};
		304E7A322C8759CD00F55F68 /* TrackerViewController */ = {
			isa = PBXGroup;
			children = (
				30D8F3332CCFE69200B2986D /* TrackerView */,
				30D8F32D2CC9567C00B2986D /* ScheduleViewController */,
				30F88C222CB6F04700A84469 /* TrackerHabbitViewController */,
				30F88C1F2CB55FB100A84469 /* TrackerIrregularEventViewController */,
				30B13E702CA5514A00386389 /* TrackerCreateView */,
			);
			path = TrackerViewController;
			sourceTree = "<group>";
		};
		304E7A352C8759F700F55F68 /* StatViewController */ = {
			isa = PBXGroup;
			children = (
				304E7A362C875A0E00F55F68 /* StatViewController.swift */,
			);
			path = StatViewController;
			sourceTree = "<group>";
		};
		30B13E702CA5514A00386389 /* TrackerCreateView */ = {
			isa = PBXGroup;
			children = (
				30B13E712CA5517100386389 /* TrackerCreateViewController.swift */,
			);
			path = TrackerCreateView;
			sourceTree = "<group>";
		};
		30D8F32D2CC9567C00B2986D /* ScheduleViewController */ = {
			isa = PBXGroup;
			children = (
				30D8F32E2CC9568600B2986D /* ScheduleViewController.swift */,
				30D8F3302CC956AD00B2986D /* SwitchTableViewCell.swift */,
			);
			path = ScheduleViewController;
			sourceTree = "<group>";
		};
		30D8F3332CCFE69200B2986D /* TrackerView */ = {
			isa = PBXGroup;
			children = (
				3035EF882C96F80400897ADE /* TrackerBody.swift */,
				304E7A332C8759E200F55F68 /* TrackerViewController.swift */,
				30F88C1A2CA6BAEB00A84469 /* TrackerCollection */,
			);
			path = TrackerView;
			sourceTree = "<group>";
		};
		30F88C1A2CA6BAEB00A84469 /* TrackerCollection */ = {
			isa = PBXGroup;
			children = (
				30F88C1B2CA6BB0700A84469 /* TrackerCollectionViewCell.swift */,
				30F88C1D2CA6BF0C00A84469 /* TrackerCategoryHeaderView.swift */,
			);
			path = TrackerCollection;
			sourceTree = "<group>";
		};
		30F88C1F2CB55FB100A84469 /* TrackerIrregularEventViewController */ = {
			isa = PBXGroup;
			children = (
				30F88C202CB5603600A84469 /* TrackerIrregularEventViewController.swift */,
			);
			path = TrackerIrregularEventViewController;
			sourceTree = "<group>";
		};
		30F88C222CB6F04700A84469 /* TrackerHabbitViewController */ = {
			isa = PBXGroup;
			children = (
				30F88C232CB6F07600A84469 /* TrackerHabbitViewController.swift */,
				30D8F32B2CC7B0C900B2986D /* TrackerHabbitViewCell.swift */,
			);
			path = TrackerHabbitViewController;
			sourceTree = "<group>";
		};
/* End PBXGroup section */

/* Begin PBXNativeTarget section */
		304E7A172C8621B000F55F68 /* Tracker */ = {
			isa = PBXNativeTarget;
			buildConfigurationList = 304E7A2C2C8621B100F55F68 /* Build configuration list for PBXNativeTarget "Tracker" */;
			buildPhases = (
				304E7A142C8621B000F55F68 /* Sources */,
				304E7A152C8621B000F55F68 /* Frameworks */,
				304E7A162C8621B000F55F68 /* Resources */,
			);
			buildRules = (
			);
			dependencies = (
			);
			name = Tracker;
			productName = Tracker;
			productReference = 304E7A182C8621B000F55F68 /* Tracker.app */;
			productType = "com.apple.product-type.application";
		};
/* End PBXNativeTarget section */

/* Begin PBXProject section */
		304E7A102C8621B000F55F68 /* Project object */ = {
			isa = PBXProject;
			attributes = {
				BuildIndependentTargetsInParallel = 1;
				LastSwiftUpdateCheck = 1540;
				LastUpgradeCheck = 1540;
				TargetAttributes = {
					304E7A172C8621B000F55F68 = {
						CreatedOnToolsVersion = 15.4;
					};
				};
			};
			buildConfigurationList = 304E7A132C8621B000F55F68 /* Build configuration list for PBXProject "Tracker" */;
			compatibilityVersion = "Xcode 14.0";
			developmentRegion = en;
			hasScannedForEncodings = 0;
			knownRegions = (
				en,
				Base,
			);
			mainGroup = 304E7A0F2C8621B000F55F68;
			productRefGroup = 304E7A192C8621B000F55F68 /* Products */;
			projectDirPath = "";
			projectRoot = "";
			targets = (
				304E7A172C8621B000F55F68 /* Tracker */,
			);
		};
/* End PBXProject section */

/* Begin PBXResourcesBuildPhase section */
		304E7A162C8621B000F55F68 /* Resources */ = {
			isa = PBXResourcesBuildPhase;
			buildActionMask = 2147483647;
			files = (
				304E7A252C8621B100F55F68 /* Assets.xcassets in Resources */,
				304E7A282C8621B100F55F68 /* Base in Resources */,
			);
			runOnlyForDeploymentPostprocessing = 0;
		};
/* End PBXResourcesBuildPhase section */

/* Begin PBXSourcesBuildPhase section */
		304E7A142C8621B000F55F68 /* Sources */ = {
			isa = PBXSourcesBuildPhase;
			buildActionMask = 2147483647;
			files = (
				30D8F32F2CC9568600B2986D /* ScheduleViewController.swift in Sources */,
				30F88C212CB5603600A84469 /* TrackerIrregularEventViewController.swift in Sources */,
				304E7A342C8759E200F55F68 /* TrackerViewController.swift in Sources */,
				30B13E722CA5517100386389 /* TrackerCreateViewController.swift in Sources */,
				30D8F3312CC956AD00B2986D /* SwitchTableViewCell.swift in Sources */,
				3035EF892C96F80400897ADE /* TrackerBody.swift in Sources */,
				304E7A312C87589900F55F68 /* TabBarController.swift in Sources */,
				304E7A1C2C8621B000F55F68 /* AppDelegate.swift in Sources */,
				30F88C1C2CA6BB0700A84469 /* TrackerCollectionViewCell.swift in Sources */,
				30F88C1E2CA6BF0C00A84469 /* TrackerCategoryHeaderView.swift in Sources */,
				304E7A372C875A0E00F55F68 /* StatViewController.swift in Sources */,
				30F88C242CB6F07600A84469 /* TrackerHabbitViewController.swift in Sources */,
				304E7A1E2C8621B000F55F68 /* SceneDelegate.swift in Sources */,
				30D8F32C2CC7B0C900B2986D /* TrackerHabbitViewCell.swift in Sources */,
			);
			runOnlyForDeploymentPostprocessing = 0;
		};
/* End PBXSourcesBuildPhase section */

/* Begin PBXVariantGroup section */
		304E7A262C8621B100F55F68 /* LaunchScreen.storyboard */ = {
			isa = PBXVariantGroup;
			children = (
				304E7A272C8621B100F55F68 /* Base */,
			);
			name = LaunchScreen.storyboard;
			sourceTree = "<group>";
		};
/* End PBXVariantGroup section */

/* Begin XCBuildConfiguration section */
		304E7A2A2C8621B100F55F68 /* Debug */ = {
			isa = XCBuildConfiguration;
			buildSettings = {
				ALWAYS_SEARCH_USER_PATHS = NO;
				ASSETCATALOG_COMPILER_GENERATE_SWIFT_ASSET_SYMBOL_EXTENSIONS = YES;
				CLANG_ANALYZER_NONNULL = YES;
				CLANG_ANALYZER_NUMBER_OBJECT_CONVERSION = YES_AGGRESSIVE;
				CLANG_CXX_LANGUAGE_STANDARD = "gnu++20";
				CLANG_ENABLE_MODULES = YES;
				CLANG_ENABLE_OBJC_ARC = YES;
				CLANG_ENABLE_OBJC_WEAK = YES;
				CLANG_WARN_BLOCK_CAPTURE_AUTORELEASING = YES;
				CLANG_WARN_BOOL_CONVERSION = YES;
				CLANG_WARN_COMMA = YES;
				CLANG_WARN_CONSTANT_CONVERSION = YES;
				CLANG_WARN_DEPRECATED_OBJC_IMPLEMENTATIONS = YES;
				CLANG_WARN_DIRECT_OBJC_ISA_USAGE = YES_ERROR;
				CLANG_WARN_DOCUMENTATION_COMMENTS = YES;
				CLANG_WARN_EMPTY_BODY = YES;
				CLANG_WARN_ENUM_CONVERSION = YES;
				CLANG_WARN_INFINITE_RECURSION = YES;
				CLANG_WARN_INT_CONVERSION = YES;
				CLANG_WARN_NON_LITERAL_NULL_CONVERSION = YES;
				CLANG_WARN_OBJC_IMPLICIT_RETAIN_SELF = YES;
				CLANG_WARN_OBJC_LITERAL_CONVERSION = YES;
				CLANG_WARN_OBJC_ROOT_CLASS = YES_ERROR;
				CLANG_WARN_QUOTED_INCLUDE_IN_FRAMEWORK_HEADER = YES;
				CLANG_WARN_RANGE_LOOP_ANALYSIS = YES;
				CLANG_WARN_STRICT_PROTOTYPES = YES;
				CLANG_WARN_SUSPICIOUS_MOVE = YES;
				CLANG_WARN_UNGUARDED_AVAILABILITY = YES_AGGRESSIVE;
				CLANG_WARN_UNREACHABLE_CODE = YES;
				CLANG_WARN__DUPLICATE_METHOD_MATCH = YES;
				COPY_PHASE_STRIP = NO;
				DEBUG_INFORMATION_FORMAT = dwarf;
				ENABLE_STRICT_OBJC_MSGSEND = YES;
				ENABLE_TESTABILITY = YES;
				ENABLE_USER_SCRIPT_SANDBOXING = YES;
				GCC_C_LANGUAGE_STANDARD = gnu17;
				GCC_DYNAMIC_NO_PIC = NO;
				GCC_NO_COMMON_BLOCKS = YES;
				GCC_OPTIMIZATION_LEVEL = 0;
				GCC_PREPROCESSOR_DEFINITIONS = (
					"DEBUG=1",
					"$(inherited)",
				);
				GCC_WARN_64_TO_32_BIT_CONVERSION = YES;
				GCC_WARN_ABOUT_RETURN_TYPE = YES_ERROR;
				GCC_WARN_UNDECLARED_SELECTOR = YES;
				GCC_WARN_UNINITIALIZED_AUTOS = YES_AGGRESSIVE;
				GCC_WARN_UNUSED_FUNCTION = YES;
				GCC_WARN_UNUSED_VARIABLE = YES;
				IPHONEOS_DEPLOYMENT_TARGET = 13.4;
				LOCALIZATION_PREFERS_STRING_CATALOGS = YES;
				MTL_ENABLE_DEBUG_INFO = INCLUDE_SOURCE;
				MTL_FAST_MATH = YES;
				ONLY_ACTIVE_ARCH = YES;
				SDKROOT = iphoneos;
				SWIFT_ACTIVE_COMPILATION_CONDITIONS = "DEBUG $(inherited)";
				SWIFT_OPTIMIZATION_LEVEL = "-Onone";
			};
			name = Debug;
		};
		304E7A2B2C8621B100F55F68 /* Release */ = {
			isa = XCBuildConfiguration;
			buildSettings = {
				ALWAYS_SEARCH_USER_PATHS = NO;
				ASSETCATALOG_COMPILER_GENERATE_SWIFT_ASSET_SYMBOL_EXTENSIONS = YES;
				CLANG_ANALYZER_NONNULL = YES;
				CLANG_ANALYZER_NUMBER_OBJECT_CONVERSION = YES_AGGRESSIVE;
				CLANG_CXX_LANGUAGE_STANDARD = "gnu++20";
				CLANG_ENABLE_MODULES = YES;
				CLANG_ENABLE_OBJC_ARC = YES;
				CLANG_ENABLE_OBJC_WEAK = YES;
				CLANG_WARN_BLOCK_CAPTURE_AUTORELEASING = YES;
				CLANG_WARN_BOOL_CONVERSION = YES;
				CLANG_WARN_COMMA = YES;
				CLANG_WARN_CONSTANT_CONVERSION = YES;
				CLANG_WARN_DEPRECATED_OBJC_IMPLEMENTATIONS = YES;
				CLANG_WARN_DIRECT_OBJC_ISA_USAGE = YES_ERROR;
				CLANG_WARN_DOCUMENTATION_COMMENTS = YES;
				CLANG_WARN_EMPTY_BODY = YES;
				CLANG_WARN_ENUM_CONVERSION = YES;
				CLANG_WARN_INFINITE_RECURSION = YES;
				CLANG_WARN_INT_CONVERSION = YES;
				CLANG_WARN_NON_LITERAL_NULL_CONVERSION = YES;
				CLANG_WARN_OBJC_IMPLICIT_RETAIN_SELF = YES;
				CLANG_WARN_OBJC_LITERAL_CONVERSION = YES;
				CLANG_WARN_OBJC_ROOT_CLASS = YES_ERROR;
				CLANG_WARN_QUOTED_INCLUDE_IN_FRAMEWORK_HEADER = YES;
				CLANG_WARN_RANGE_LOOP_ANALYSIS = YES;
				CLANG_WARN_STRICT_PROTOTYPES = YES;
				CLANG_WARN_SUSPICIOUS_MOVE = YES;
				CLANG_WARN_UNGUARDED_AVAILABILITY = YES_AGGRESSIVE;
				CLANG_WARN_UNREACHABLE_CODE = YES;
				CLANG_WARN__DUPLICATE_METHOD_MATCH = YES;
				COPY_PHASE_STRIP = NO;
				DEBUG_INFORMATION_FORMAT = "dwarf-with-dsym";
				ENABLE_NS_ASSERTIONS = NO;
				ENABLE_STRICT_OBJC_MSGSEND = YES;
				ENABLE_USER_SCRIPT_SANDBOXING = YES;
				GCC_C_LANGUAGE_STANDARD = gnu17;
				GCC_NO_COMMON_BLOCKS = YES;
				GCC_WARN_64_TO_32_BIT_CONVERSION = YES;
				GCC_WARN_ABOUT_RETURN_TYPE = YES_ERROR;
				GCC_WARN_UNDECLARED_SELECTOR = YES;
				GCC_WARN_UNINITIALIZED_AUTOS = YES_AGGRESSIVE;
				GCC_WARN_UNUSED_FUNCTION = YES;
				GCC_WARN_UNUSED_VARIABLE = YES;
				IPHONEOS_DEPLOYMENT_TARGET = 13.4;
				LOCALIZATION_PREFERS_STRING_CATALOGS = YES;
				MTL_ENABLE_DEBUG_INFO = NO;
				MTL_FAST_MATH = YES;
				SDKROOT = iphoneos;
				SWIFT_COMPILATION_MODE = wholemodule;
				VALIDATE_PRODUCT = YES;
			};
			name = Release;
		};
		304E7A2D2C8621B100F55F68 /* Debug */ = {
			isa = XCBuildConfiguration;
			buildSettings = {
				ASSETCATALOG_COMPILER_APPICON_NAME = AppIcon;
				ASSETCATALOG_COMPILER_GLOBAL_ACCENT_COLOR_NAME = AccentColor;
				CODE_SIGN_STYLE = Automatic;
				CURRENT_PROJECT_VERSION = 1;
				DEVELOPMENT_TEAM = D43J355YJK;
				GENERATE_INFOPLIST_FILE = YES;
				INFOPLIST_FILE = Tracker/Info.plist;
				INFOPLIST_KEY_UIApplicationSupportsIndirectInputEvents = YES;
				INFOPLIST_KEY_UILaunchStoryboardName = LaunchScreen;
				INFOPLIST_KEY_UISupportedInterfaceOrientations_iPad = "UIInterfaceOrientationPortrait UIInterfaceOrientationPortraitUpsideDown UIInterfaceOrientationLandscapeLeft UIInterfaceOrientationLandscapeRight";
				INFOPLIST_KEY_UISupportedInterfaceOrientations_iPhone = UIInterfaceOrientationPortrait;
				IPHONEOS_DEPLOYMENT_TARGET = 13.4;
				LD_RUNPATH_SEARCH_PATHS = (
					"$(inherited)",
					"@executable_path/Frameworks",
				);
				MARKETING_VERSION = 1.0;
				PRODUCT_BUNDLE_IDENTIFIER = ru.DemiDevv.yandex.Tracker;
				PRODUCT_NAME = "$(TARGET_NAME)";
				SUPPORTED_PLATFORMS = "iphoneos iphonesimulator";
				SUPPORTS_MACCATALYST = NO;
				SUPPORTS_MAC_DESIGNED_FOR_IPHONE_IPAD = NO;
				SUPPORTS_XR_DESIGNED_FOR_IPHONE_IPAD = NO;
				SWIFT_EMIT_LOC_STRINGS = YES;
				SWIFT_VERSION = 5.0;
				TARGETED_DEVICE_FAMILY = 1;
			};
			name = Debug;
		};
		304E7A2E2C8621B100F55F68 /* Release */ = {
			isa = XCBuildConfiguration;
			buildSettings = {
				ASSETCATALOG_COMPILER_APPICON_NAME = AppIcon;
				ASSETCATALOG_COMPILER_GLOBAL_ACCENT_COLOR_NAME = AccentColor;
				CODE_SIGN_STYLE = Automatic;
				CURRENT_PROJECT_VERSION = 1;
				DEVELOPMENT_TEAM = D43J355YJK;
				GENERATE_INFOPLIST_FILE = YES;
				INFOPLIST_FILE = Tracker/Info.plist;
				INFOPLIST_KEY_UIApplicationSupportsIndirectInputEvents = YES;
				INFOPLIST_KEY_UILaunchStoryboardName = LaunchScreen;
				INFOPLIST_KEY_UISupportedInterfaceOrientations_iPad = "UIInterfaceOrientationPortrait UIInterfaceOrientationPortraitUpsideDown UIInterfaceOrientationLandscapeLeft UIInterfaceOrientationLandscapeRight";
				INFOPLIST_KEY_UISupportedInterfaceOrientations_iPhone = UIInterfaceOrientationPortrait;
				IPHONEOS_DEPLOYMENT_TARGET = 13.4;
				LD_RUNPATH_SEARCH_PATHS = (
					"$(inherited)",
					"@executable_path/Frameworks",
				);
				MARKETING_VERSION = 1.0;
				PRODUCT_BUNDLE_IDENTIFIER = ru.DemiDevv.yandex.Tracker;
				PRODUCT_NAME = "$(TARGET_NAME)";
				SUPPORTED_PLATFORMS = "iphoneos iphonesimulator";
				SUPPORTS_MACCATALYST = NO;
				SUPPORTS_MAC_DESIGNED_FOR_IPHONE_IPAD = NO;
				SUPPORTS_XR_DESIGNED_FOR_IPHONE_IPAD = NO;
				SWIFT_EMIT_LOC_STRINGS = YES;
				SWIFT_VERSION = 5.0;
				TARGETED_DEVICE_FAMILY = 1;
			};
			name = Release;
		};
/* End XCBuildConfiguration section */

/* Begin XCConfigurationList section */
		304E7A132C8621B000F55F68 /* Build configuration list for PBXProject "Tracker" */ = {
			isa = XCConfigurationList;
			buildConfigurations = (
				304E7A2A2C8621B100F55F68 /* Debug */,
				304E7A2B2C8621B100F55F68 /* Release */,
			);
			defaultConfigurationIsVisible = 0;
			defaultConfigurationName = Release;
		};
		304E7A2C2C8621B100F55F68 /* Build configuration list for PBXNativeTarget "Tracker" */ = {
			isa = XCConfigurationList;
			buildConfigurations = (
				304E7A2D2C8621B100F55F68 /* Debug */,
				304E7A2E2C8621B100F55F68 /* Release */,
			);
			defaultConfigurationIsVisible = 0;
			defaultConfigurationName = Release;
		};
/* End XCConfigurationList section */
	};
	rootObject = 304E7A102C8621B000F55F68 /* Project object */;
}
